
Microsoft Visual Studio Solution File, Format Version 12.00
# Visual Studio 15
VisualStudioVersion = 15.0.26127.3
MinimumVisualStudioVersion = 10.0.40219.1
Project("{8BB2217D-0F2D-49D1-97BC-3654ED321F3B}") = "MassiveAttack.WebAPI", "MassiveAttack.WebAPI\MassiveAttack.WebAPI.xproj", "{632ED514-5737-44EC-A3DD-7C6CD12607F7}"
EndProject
Project("{9A19103F-16F7-4668-BE54-9A1E7A4F7556}") = "MassiveAttack.WebAPI.BusinessLibrary", "MassiveAttack.WebAPI.BusinessLibrary\MassiveAttack.WebAPI.BusinessLibrary.xproj", "{707338F1-9F0A-4389-9B96-73C174DE8223}"
EndProject
Project("{9A19103F-16F7-4668-BE54-9A1E7A4F7556}") = "MassiveAttack.WebAPI.DataLibrary", "MassiveAttack.WebAPI.DataLibrary\MassiveAttack.WebAPI.DataLibrary.xproj", "{90EF1631-E4FC-4D68-907A-8EE3102BA80B}"
EndProject
Project("{FAE04EC0-301F-11D3-BF4B-00C04F79EFBC}") = "MassiveAttack.Windows.Frontend", "MassiveAttack.Windows.Frontend\MassiveAttack.Windows.Frontend.csproj", "{D8FCBDFF-ABA2-4340-930D-92BA3F9483A7}"
EndProject
Project("{FAE04EC0-301F-11D3-BF4B-00C04F79EFBC}") = "MassiveAttack.Windows.Editor", "MassiveAttack.Windows.Editor\MassiveAttack.Windows.Editor.csproj", "{0EC0AF5D-A723-480D-8544-F2864557EEA7}"
EndProject
Project("{8BC9CEB8-8B4A-11D0-8D11-00A0C91BC942}") = "MassiveAttack.Client.Engine", "MassiveAttack.Client.Engine\MassiveAttack.Client.Engine.vcxproj", "{B22DE888-87F2-47F8-92F5-46049062DE76}"
EndProject
Project("{8BC9CEB8-8B4A-11D0-8D11-00A0C91BC942}") = "MassiveAttack.Client", "MassiveAttack.Client\MassiveAttack.Client.vcxproj", "{0B94B700-D2FD-460A-BAB4-766888112727}"
EndProject
Project("{8BC9CEB8-8B4A-11D0-8D11-00A0C91BC942}") = "MassiveAttack.GameServer.UnitTests", "MassiveAttack.GameServer.UnitTests\MassiveAttack.GameServer.UnitTests.vcxproj", "{16D18C70-1AE6-48A6-8F2C-5EDC76DE073A}"
EndProject
Project("{8BC9CEB8-8B4A-11D0-8D11-00A0C91BC942}") = "MassiveAttack.GameServer", "MassiveAttack.GameServer\MassiveAttack.GameServer.vcxproj", "{053D99A6-2832-4A63-8F5A-B37CB81C0759}"
EndProject
Project("{FAE04EC0-301F-11D3-BF4B-00C04F79EFBC}") = "MassiveAttack.CommonLibrary", "MassiveAttack.CommonLibrary\MassiveAttack.CommonLibrary.csproj", "{8033FD0B-9208-406C-A924-27C927316E1F}"
EndProject
Project("{FAE04EC0-301F-11D3-BF4B-00C04F79EFBC}") = "MassiveAttack.MasterServer.WebAPI", "MassiveAttack.MasterServer.WebAPI\MassiveAttack.MasterServer.WebAPI.csproj", "{A9899B0F-340A-4525-A629-D1ABD3F97432}"
EndProject
Project("{9092AA53-FB77-4645-B42D-1CCCA6BD08BD}") = "MassiveAttack.MasterServer.NodeJS", "MassiveAttack.MasterServer.NodeJS\MassiveAttack.MasterServer.NodeJS.njsproj", "{B22E9D46-FBF7-4A09-98A2-098B160A2C5A}"
EndProject
Global
	GlobalSection(SolutionConfigurationPlatforms) = preSolution
		Ad-Hoc|Any CPU = Ad-Hoc|Any CPU
		Ad-Hoc|ARM = Ad-Hoc|ARM
		Ad-Hoc|iPhone = Ad-Hoc|iPhone
		Ad-Hoc|iPhoneSimulator = Ad-Hoc|iPhoneSimulator
		Ad-Hoc|x64 = Ad-Hoc|x64
		Ad-Hoc|x86 = Ad-Hoc|x86
		AppStore|Any CPU = AppStore|Any CPU
		AppStore|ARM = AppStore|ARM
		AppStore|iPhone = AppStore|iPhone
		AppStore|iPhoneSimulator = AppStore|iPhoneSimulator
		AppStore|x64 = AppStore|x64
		AppStore|x86 = AppStore|x86
		Debug|Any CPU = Debug|Any CPU
		Debug|ARM = Debug|ARM
		Debug|iPhone = Debug|iPhone
		Debug|iPhoneSimulator = Debug|iPhoneSimulator
		Debug|x64 = Debug|x64
		Debug|x86 = Debug|x86
		Release|Any CPU = Release|Any CPU
		Release|ARM = Release|ARM
		Release|iPhone = Release|iPhone
		Release|iPhoneSimulator = Release|iPhoneSimulator
		Release|x64 = Release|x64
		Release|x86 = Release|x86
	EndGlobalSection
	GlobalSection(ProjectConfigurationPlatforms) = postSolution
		{632ED514-5737-44EC-A3DD-7C6CD12607F7}.Ad-Hoc|Any CPU.ActiveCfg = Debug|Any CPU
		{632ED514-5737-44EC-A3DD-7C6CD12607F7}.Ad-Hoc|Any CPU.Build.0 = Debug|Any CPU
		{632ED514-5737-44EC-A3DD-7C6CD12607F7}.Ad-Hoc|ARM.ActiveCfg = Debug|Any CPU
		{632ED514-5737-44EC-A3DD-7C6CD12607F7}.Ad-Hoc|ARM.Build.0 = Debug|Any CPU
		{632ED514-5737-44EC-A3DD-7C6CD12607F7}.Ad-Hoc|iPhone.ActiveCfg = Debug|Any CPU
		{632ED514-5737-44EC-A3DD-7C6CD12607F7}.Ad-Hoc|iPhone.Build.0 = Debug|Any CPU
		{632ED514-5737-44EC-A3DD-7C6CD12607F7}.Ad-Hoc|iPhoneSimulator.ActiveCfg = Debug|Any CPU
		{632ED514-5737-44EC-A3DD-7C6CD12607F7}.Ad-Hoc|iPhoneSimulator.Build.0 = Debug|Any CPU
		{632ED514-5737-44EC-A3DD-7C6CD12607F7}.Ad-Hoc|x64.ActiveCfg = Debug|Any CPU
		{632ED514-5737-44EC-A3DD-7C6CD12607F7}.Ad-Hoc|x64.Build.0 = Debug|Any CPU
		{632ED514-5737-44EC-A3DD-7C6CD12607F7}.Ad-Hoc|x86.ActiveCfg = Debug|Any CPU
		{632ED514-5737-44EC-A3DD-7C6CD12607F7}.Ad-Hoc|x86.Build.0 = Debug|Any CPU
		{632ED514-5737-44EC-A3DD-7C6CD12607F7}.AppStore|Any CPU.ActiveCfg = Debug|Any CPU
		{632ED514-5737-44EC-A3DD-7C6CD12607F7}.AppStore|Any CPU.Build.0 = Debug|Any CPU
		{632ED514-5737-44EC-A3DD-7C6CD12607F7}.AppStore|ARM.ActiveCfg = Debug|Any CPU
		{632ED514-5737-44EC-A3DD-7C6CD12607F7}.AppStore|ARM.Build.0 = Debug|Any CPU
		{632ED514-5737-44EC-A3DD-7C6CD12607F7}.AppStore|iPhone.ActiveCfg = Debug|Any CPU
		{632ED514-5737-44EC-A3DD-7C6CD12607F7}.AppStore|iPhone.Build.0 = Debug|Any CPU
		{632ED514-5737-44EC-A3DD-7C6CD12607F7}.AppStore|iPhoneSimulator.ActiveCfg = Debug|Any CPU
		{632ED514-5737-44EC-A3DD-7C6CD12607F7}.AppStore|iPhoneSimulator.Build.0 = Debug|Any CPU
		{632ED514-5737-44EC-A3DD-7C6CD12607F7}.AppStore|x64.ActiveCfg = Debug|Any CPU
		{632ED514-5737-44EC-A3DD-7C6CD12607F7}.AppStore|x64.Build.0 = Debug|Any CPU
		{632ED514-5737-44EC-A3DD-7C6CD12607F7}.AppStore|x86.ActiveCfg = Debug|Any CPU
		{632ED514-5737-44EC-A3DD-7C6CD12607F7}.AppStore|x86.Build.0 = Debug|Any CPU
		{632ED514-5737-44EC-A3DD-7C6CD12607F7}.Debug|Any CPU.ActiveCfg = Debug|Any CPU
		{632ED514-5737-44EC-A3DD-7C6CD12607F7}.Debug|Any CPU.Build.0 = Debug|Any CPU
		{632ED514-5737-44EC-A3DD-7C6CD12607F7}.Debug|ARM.ActiveCfg = Debug|Any CPU
		{632ED514-5737-44EC-A3DD-7C6CD12607F7}.Debug|ARM.Build.0 = Debug|Any CPU
		{632ED514-5737-44EC-A3DD-7C6CD12607F7}.Debug|iPhone.ActiveCfg = Debug|Any CPU
		{632ED514-5737-44EC-A3DD-7C6CD12607F7}.Debug|iPhone.Build.0 = Debug|Any CPU
		{632ED514-5737-44EC-A3DD-7C6CD12607F7}.Debug|iPhoneSimulator.ActiveCfg = Debug|Any CPU
		{632ED514-5737-44EC-A3DD-7C6CD12607F7}.Debug|iPhoneSimulator.Build.0 = Debug|Any CPU
		{632ED514-5737-44EC-A3DD-7C6CD12607F7}.Debug|x64.ActiveCfg = Debug|Any CPU
		{632ED514-5737-44EC-A3DD-7C6CD12607F7}.Debug|x64.Build.0 = Debug|Any CPU
		{632ED514-5737-44EC-A3DD-7C6CD12607F7}.Debug|x86.ActiveCfg = Debug|Any CPU
		{632ED514-5737-44EC-A3DD-7C6CD12607F7}.Debug|x86.Build.0 = Debug|Any CPU
		{632ED514-5737-44EC-A3DD-7C6CD12607F7}.Release|Any CPU.ActiveCfg = Release|Any CPU
		{632ED514-5737-44EC-A3DD-7C6CD12607F7}.Release|Any CPU.Build.0 = Release|Any CPU
		{632ED514-5737-44EC-A3DD-7C6CD12607F7}.Release|ARM.ActiveCfg = Release|Any CPU
		{632ED514-5737-44EC-A3DD-7C6CD12607F7}.Release|ARM.Build.0 = Release|Any CPU
		{632ED514-5737-44EC-A3DD-7C6CD12607F7}.Release|iPhone.ActiveCfg = Release|Any CPU
		{632ED514-5737-44EC-A3DD-7C6CD12607F7}.Release|iPhone.Build.0 = Release|Any CPU
		{632ED514-5737-44EC-A3DD-7C6CD12607F7}.Release|iPhoneSimulator.ActiveCfg = Release|Any CPU
		{632ED514-5737-44EC-A3DD-7C6CD12607F7}.Release|iPhoneSimulator.Build.0 = Release|Any CPU
		{632ED514-5737-44EC-A3DD-7C6CD12607F7}.Release|x64.ActiveCfg = Release|Any CPU
		{632ED514-5737-44EC-A3DD-7C6CD12607F7}.Release|x64.Build.0 = Release|Any CPU
		{632ED514-5737-44EC-A3DD-7C6CD12607F7}.Release|x86.ActiveCfg = Release|Any CPU
		{632ED514-5737-44EC-A3DD-7C6CD12607F7}.Release|x86.Build.0 = Release|Any CPU
		{707338F1-9F0A-4389-9B96-73C174DE8223}.Ad-Hoc|Any CPU.ActiveCfg = Debug|Any CPU
		{707338F1-9F0A-4389-9B96-73C174DE8223}.Ad-Hoc|Any CPU.Build.0 = Debug|Any CPU
		{707338F1-9F0A-4389-9B96-73C174DE8223}.Ad-Hoc|ARM.ActiveCfg = Debug|Any CPU
		{707338F1-9F0A-4389-9B96-73C174DE8223}.Ad-Hoc|ARM.Build.0 = Debug|Any CPU
		{707338F1-9F0A-4389-9B96-73C174DE8223}.Ad-Hoc|iPhone.ActiveCfg = Debug|Any CPU
		{707338F1-9F0A-4389-9B96-73C174DE8223}.Ad-Hoc|iPhone.Build.0 = Debug|Any CPU
		{707338F1-9F0A-4389-9B96-73C174DE8223}.Ad-Hoc|iPhoneSimulator.ActiveCfg = Debug|Any CPU
		{707338F1-9F0A-4389-9B96-73C174DE8223}.Ad-Hoc|iPhoneSimulator.Build.0 = Debug|Any CPU
		{707338F1-9F0A-4389-9B96-73C174DE8223}.Ad-Hoc|x64.ActiveCfg = Debug|Any CPU
		{707338F1-9F0A-4389-9B96-73C174DE8223}.Ad-Hoc|x64.Build.0 = Debug|Any CPU
		{707338F1-9F0A-4389-9B96-73C174DE8223}.Ad-Hoc|x86.ActiveCfg = Debug|Any CPU
		{707338F1-9F0A-4389-9B96-73C174DE8223}.Ad-Hoc|x86.Build.0 = Debug|Any CPU
		{707338F1-9F0A-4389-9B96-73C174DE8223}.AppStore|Any CPU.ActiveCfg = Debug|Any CPU
		{707338F1-9F0A-4389-9B96-73C174DE8223}.AppStore|Any CPU.Build.0 = Debug|Any CPU
		{707338F1-9F0A-4389-9B96-73C174DE8223}.AppStore|ARM.ActiveCfg = Debug|Any CPU
		{707338F1-9F0A-4389-9B96-73C174DE8223}.AppStore|ARM.Build.0 = Debug|Any CPU
		{707338F1-9F0A-4389-9B96-73C174DE8223}.AppStore|iPhone.ActiveCfg = Debug|Any CPU
		{707338F1-9F0A-4389-9B96-73C174DE8223}.AppStore|iPhone.Build.0 = Debug|Any CPU
		{707338F1-9F0A-4389-9B96-73C174DE8223}.AppStore|iPhoneSimulator.ActiveCfg = Debug|Any CPU
		{707338F1-9F0A-4389-9B96-73C174DE8223}.AppStore|iPhoneSimulator.Build.0 = Debug|Any CPU
		{707338F1-9F0A-4389-9B96-73C174DE8223}.AppStore|x64.ActiveCfg = Debug|Any CPU
		{707338F1-9F0A-4389-9B96-73C174DE8223}.AppStore|x64.Build.0 = Debug|Any CPU
		{707338F1-9F0A-4389-9B96-73C174DE8223}.AppStore|x86.ActiveCfg = Debug|Any CPU
		{707338F1-9F0A-4389-9B96-73C174DE8223}.AppStore|x86.Build.0 = Debug|Any CPU
		{707338F1-9F0A-4389-9B96-73C174DE8223}.Debug|Any CPU.ActiveCfg = Debug|Any CPU
		{707338F1-9F0A-4389-9B96-73C174DE8223}.Debug|Any CPU.Build.0 = Debug|Any CPU
		{707338F1-9F0A-4389-9B96-73C174DE8223}.Debug|ARM.ActiveCfg = Debug|Any CPU
		{707338F1-9F0A-4389-9B96-73C174DE8223}.Debug|ARM.Build.0 = Debug|Any CPU
		{707338F1-9F0A-4389-9B96-73C174DE8223}.Debug|iPhone.ActiveCfg = Debug|Any CPU
		{707338F1-9F0A-4389-9B96-73C174DE8223}.Debug|iPhone.Build.0 = Debug|Any CPU
		{707338F1-9F0A-4389-9B96-73C174DE8223}.Debug|iPhoneSimulator.ActiveCfg = Debug|Any CPU
		{707338F1-9F0A-4389-9B96-73C174DE8223}.Debug|iPhoneSimulator.Build.0 = Debug|Any CPU
		{707338F1-9F0A-4389-9B96-73C174DE8223}.Debug|x64.ActiveCfg = Debug|Any CPU
		{707338F1-9F0A-4389-9B96-73C174DE8223}.Debug|x64.Build.0 = Debug|Any CPU
		{707338F1-9F0A-4389-9B96-73C174DE8223}.Debug|x86.ActiveCfg = Debug|Any CPU
		{707338F1-9F0A-4389-9B96-73C174DE8223}.Release|Any CPU.ActiveCfg = Release|Any CPU
		{707338F1-9F0A-4389-9B96-73C174DE8223}.Release|Any CPU.Build.0 = Release|Any CPU
		{707338F1-9F0A-4389-9B96-73C174DE8223}.Release|ARM.ActiveCfg = Release|Any CPU
		{707338F1-9F0A-4389-9B96-73C174DE8223}.Release|ARM.Build.0 = Release|Any CPU
		{707338F1-9F0A-4389-9B96-73C174DE8223}.Release|iPhone.ActiveCfg = Release|Any CPU
		{707338F1-9F0A-4389-9B96-73C174DE8223}.Release|iPhone.Build.0 = Release|Any CPU
		{707338F1-9F0A-4389-9B96-73C174DE8223}.Release|iPhoneSimulator.ActiveCfg = Release|Any CPU
		{707338F1-9F0A-4389-9B96-73C174DE8223}.Release|iPhoneSimulator.Build.0 = Release|Any CPU
		{707338F1-9F0A-4389-9B96-73C174DE8223}.Release|x64.ActiveCfg = Release|Any CPU
		{707338F1-9F0A-4389-9B96-73C174DE8223}.Release|x64.Build.0 = Release|Any CPU
		{707338F1-9F0A-4389-9B96-73C174DE8223}.Release|x86.ActiveCfg = Release|Any CPU
		{707338F1-9F0A-4389-9B96-73C174DE8223}.Release|x86.Build.0 = Release|Any CPU
		{90EF1631-E4FC-4D68-907A-8EE3102BA80B}.Ad-Hoc|Any CPU.ActiveCfg = Debug|Any CPU
		{90EF1631-E4FC-4D68-907A-8EE3102BA80B}.Ad-Hoc|Any CPU.Build.0 = Debug|Any CPU
		{90EF1631-E4FC-4D68-907A-8EE3102BA80B}.Ad-Hoc|ARM.ActiveCfg = Debug|Any CPU
		{90EF1631-E4FC-4D68-907A-8EE3102BA80B}.Ad-Hoc|ARM.Build.0 = Debug|Any CPU
		{90EF1631-E4FC-4D68-907A-8EE3102BA80B}.Ad-Hoc|iPhone.ActiveCfg = Debug|Any CPU
		{90EF1631-E4FC-4D68-907A-8EE3102BA80B}.Ad-Hoc|iPhone.Build.0 = Debug|Any CPU
		{90EF1631-E4FC-4D68-907A-8EE3102BA80B}.Ad-Hoc|iPhoneSimulator.ActiveCfg = Debug|Any CPU
		{90EF1631-E4FC-4D68-907A-8EE3102BA80B}.Ad-Hoc|iPhoneSimulator.Build.0 = Debug|Any CPU
		{90EF1631-E4FC-4D68-907A-8EE3102BA80B}.Ad-Hoc|x64.ActiveCfg = Debug|Any CPU
		{90EF1631-E4FC-4D68-907A-8EE3102BA80B}.Ad-Hoc|x64.Build.0 = Debug|Any CPU
		{90EF1631-E4FC-4D68-907A-8EE3102BA80B}.Ad-Hoc|x86.ActiveCfg = Debug|Any CPU
		{90EF1631-E4FC-4D68-907A-8EE3102BA80B}.Ad-Hoc|x86.Build.0 = Debug|Any CPU
		{90EF1631-E4FC-4D68-907A-8EE3102BA80B}.AppStore|Any CPU.ActiveCfg = Debug|Any CPU
		{90EF1631-E4FC-4D68-907A-8EE3102BA80B}.AppStore|Any CPU.Build.0 = Debug|Any CPU
		{90EF1631-E4FC-4D68-907A-8EE3102BA80B}.AppStore|ARM.ActiveCfg = Debug|Any CPU
		{90EF1631-E4FC-4D68-907A-8EE3102BA80B}.AppStore|ARM.Build.0 = Debug|Any CPU
		{90EF1631-E4FC-4D68-907A-8EE3102BA80B}.AppStore|iPhone.ActiveCfg = Debug|Any CPU
		{90EF1631-E4FC-4D68-907A-8EE3102BA80B}.AppStore|iPhone.Build.0 = Debug|Any CPU
		{90EF1631-E4FC-4D68-907A-8EE3102BA80B}.AppStore|iPhoneSimulator.ActiveCfg = Debug|Any CPU
		{90EF1631-E4FC-4D68-907A-8EE3102BA80B}.AppStore|iPhoneSimulator.Build.0 = Debug|Any CPU
		{90EF1631-E4FC-4D68-907A-8EE3102BA80B}.AppStore|x64.ActiveCfg = Debug|Any CPU
		{90EF1631-E4FC-4D68-907A-8EE3102BA80B}.AppStore|x64.Build.0 = Debug|Any CPU
		{90EF1631-E4FC-4D68-907A-8EE3102BA80B}.AppStore|x86.ActiveCfg = Debug|Any CPU
		{90EF1631-E4FC-4D68-907A-8EE3102BA80B}.AppStore|x86.Build.0 = Debug|Any CPU
		{90EF1631-E4FC-4D68-907A-8EE3102BA80B}.Debug|Any CPU.ActiveCfg = Debug|Any CPU
		{90EF1631-E4FC-4D68-907A-8EE3102BA80B}.Debug|Any CPU.Build.0 = Debug|Any CPU
		{90EF1631-E4FC-4D68-907A-8EE3102BA80B}.Debug|ARM.ActiveCfg = Debug|Any CPU
		{90EF1631-E4FC-4D68-907A-8EE3102BA80B}.Debug|ARM.Build.0 = Debug|Any CPU
		{90EF1631-E4FC-4D68-907A-8EE3102BA80B}.Debug|iPhone.ActiveCfg = Debug|Any CPU
		{90EF1631-E4FC-4D68-907A-8EE3102BA80B}.Debug|iPhone.Build.0 = Debug|Any CPU
		{90EF1631-E4FC-4D68-907A-8EE3102BA80B}.Debug|iPhoneSimulator.ActiveCfg = Debug|Any CPU
		{90EF1631-E4FC-4D68-907A-8EE3102BA80B}.Debug|iPhoneSimulator.Build.0 = Debug|Any CPU
		{90EF1631-E4FC-4D68-907A-8EE3102BA80B}.Debug|x64.ActiveCfg = Debug|Any CPU
		{90EF1631-E4FC-4D68-907A-8EE3102BA80B}.Debug|x64.Build.0 = Debug|Any CPU
		{90EF1631-E4FC-4D68-907A-8EE3102BA80B}.Debug|x86.ActiveCfg = Debug|Any CPU
		{90EF1631-E4FC-4D68-907A-8EE3102BA80B}.Release|Any CPU.ActiveCfg = Release|Any CPU
		{90EF1631-E4FC-4D68-907A-8EE3102BA80B}.Release|Any CPU.Build.0 = Release|Any CPU
		{90EF1631-E4FC-4D68-907A-8EE3102BA80B}.Release|ARM.ActiveCfg = Release|Any CPU
		{90EF1631-E4FC-4D68-907A-8EE3102BA80B}.Release|ARM.Build.0 = Release|Any CPU
		{90EF1631-E4FC-4D68-907A-8EE3102BA80B}.Release|iPhone.ActiveCfg = Release|Any CPU
		{90EF1631-E4FC-4D68-907A-8EE3102BA80B}.Release|iPhone.Build.0 = Release|Any CPU
		{90EF1631-E4FC-4D68-907A-8EE3102BA80B}.Release|iPhoneSimulator.ActiveCfg = Release|Any CPU
		{90EF1631-E4FC-4D68-907A-8EE3102BA80B}.Release|iPhoneSimulator.Build.0 = Release|Any CPU
		{90EF1631-E4FC-4D68-907A-8EE3102BA80B}.Release|x64.ActiveCfg = Release|Any CPU
		{90EF1631-E4FC-4D68-907A-8EE3102BA80B}.Release|x64.Build.0 = Release|Any CPU
		{90EF1631-E4FC-4D68-907A-8EE3102BA80B}.Release|x86.ActiveCfg = Release|Any CPU
		{90EF1631-E4FC-4D68-907A-8EE3102BA80B}.Release|x86.Build.0 = Release|Any CPU
		{D8FCBDFF-ABA2-4340-930D-92BA3F9483A7}.Ad-Hoc|Any CPU.ActiveCfg = Release|Any CPU
		{D8FCBDFF-ABA2-4340-930D-92BA3F9483A7}.Ad-Hoc|Any CPU.Build.0 = Release|Any CPU
		{D8FCBDFF-ABA2-4340-930D-92BA3F9483A7}.Ad-Hoc|ARM.ActiveCfg = Release|Any CPU
		{D8FCBDFF-ABA2-4340-930D-92BA3F9483A7}.Ad-Hoc|ARM.Build.0 = Release|Any CPU
		{D8FCBDFF-ABA2-4340-930D-92BA3F9483A7}.Ad-Hoc|iPhone.ActiveCfg = Release|Any CPU
		{D8FCBDFF-ABA2-4340-930D-92BA3F9483A7}.Ad-Hoc|iPhone.Build.0 = Release|Any CPU
		{D8FCBDFF-ABA2-4340-930D-92BA3F9483A7}.Ad-Hoc|iPhoneSimulator.ActiveCfg = Release|Any CPU
		{D8FCBDFF-ABA2-4340-930D-92BA3F9483A7}.Ad-Hoc|iPhoneSimulator.Build.0 = Release|Any CPU
		{D8FCBDFF-ABA2-4340-930D-92BA3F9483A7}.Ad-Hoc|x64.ActiveCfg = Release|Any CPU
		{D8FCBDFF-ABA2-4340-930D-92BA3F9483A7}.Ad-Hoc|x64.Build.0 = Release|Any CPU
		{D8FCBDFF-ABA2-4340-930D-92BA3F9483A7}.Ad-Hoc|x86.ActiveCfg = Release|Any CPU
		{D8FCBDFF-ABA2-4340-930D-92BA3F9483A7}.Ad-Hoc|x86.Build.0 = Release|Any CPU
		{D8FCBDFF-ABA2-4340-930D-92BA3F9483A7}.AppStore|Any CPU.ActiveCfg = Release|Any CPU
		{D8FCBDFF-ABA2-4340-930D-92BA3F9483A7}.AppStore|Any CPU.Build.0 = Release|Any CPU
		{D8FCBDFF-ABA2-4340-930D-92BA3F9483A7}.AppStore|ARM.ActiveCfg = Release|Any CPU
		{D8FCBDFF-ABA2-4340-930D-92BA3F9483A7}.AppStore|ARM.Build.0 = Release|Any CPU
		{D8FCBDFF-ABA2-4340-930D-92BA3F9483A7}.AppStore|iPhone.ActiveCfg = Release|Any CPU
		{D8FCBDFF-ABA2-4340-930D-92BA3F9483A7}.AppStore|iPhone.Build.0 = Release|Any CPU
		{D8FCBDFF-ABA2-4340-930D-92BA3F9483A7}.AppStore|iPhoneSimulator.ActiveCfg = Release|Any CPU
		{D8FCBDFF-ABA2-4340-930D-92BA3F9483A7}.AppStore|iPhoneSimulator.Build.0 = Release|Any CPU
		{D8FCBDFF-ABA2-4340-930D-92BA3F9483A7}.AppStore|x64.ActiveCfg = Release|Any CPU
		{D8FCBDFF-ABA2-4340-930D-92BA3F9483A7}.AppStore|x64.Build.0 = Release|Any CPU
		{D8FCBDFF-ABA2-4340-930D-92BA3F9483A7}.AppStore|x86.ActiveCfg = Release|Any CPU
		{D8FCBDFF-ABA2-4340-930D-92BA3F9483A7}.AppStore|x86.Build.0 = Release|Any CPU
		{D8FCBDFF-ABA2-4340-930D-92BA3F9483A7}.Debug|Any CPU.ActiveCfg = Debug|Any CPU
		{D8FCBDFF-ABA2-4340-930D-92BA3F9483A7}.Debug|Any CPU.Build.0 = Debug|Any CPU
		{D8FCBDFF-ABA2-4340-930D-92BA3F9483A7}.Debug|ARM.ActiveCfg = Debug|Any CPU
		{D8FCBDFF-ABA2-4340-930D-92BA3F9483A7}.Debug|ARM.Build.0 = Debug|Any CPU
		{D8FCBDFF-ABA2-4340-930D-92BA3F9483A7}.Debug|iPhone.ActiveCfg = Debug|Any CPU
		{D8FCBDFF-ABA2-4340-930D-92BA3F9483A7}.Debug|iPhone.Build.0 = Debug|Any CPU
		{D8FCBDFF-ABA2-4340-930D-92BA3F9483A7}.Debug|iPhoneSimulator.ActiveCfg = Debug|Any CPU
		{D8FCBDFF-ABA2-4340-930D-92BA3F9483A7}.Debug|iPhoneSimulator.Build.0 = Debug|Any CPU
		{D8FCBDFF-ABA2-4340-930D-92BA3F9483A7}.Debug|x64.ActiveCfg = Debug|Any CPU
		{D8FCBDFF-ABA2-4340-930D-92BA3F9483A7}.Debug|x64.Build.0 = Debug|Any CPU
		{D8FCBDFF-ABA2-4340-930D-92BA3F9483A7}.Debug|x86.ActiveCfg = Debug|Any CPU
		{D8FCBDFF-ABA2-4340-930D-92BA3F9483A7}.Release|Any CPU.ActiveCfg = Release|Any CPU
		{D8FCBDFF-ABA2-4340-930D-92BA3F9483A7}.Release|Any CPU.Build.0 = Release|Any CPU
		{D8FCBDFF-ABA2-4340-930D-92BA3F9483A7}.Release|ARM.ActiveCfg = Release|Any CPU
		{D8FCBDFF-ABA2-4340-930D-92BA3F9483A7}.Release|ARM.Build.0 = Release|Any CPU
		{D8FCBDFF-ABA2-4340-930D-92BA3F9483A7}.Release|iPhone.ActiveCfg = Release|Any CPU
		{D8FCBDFF-ABA2-4340-930D-92BA3F9483A7}.Release|iPhone.Build.0 = Release|Any CPU
		{D8FCBDFF-ABA2-4340-930D-92BA3F9483A7}.Release|iPhoneSimulator.ActiveCfg = Release|Any CPU
		{D8FCBDFF-ABA2-4340-930D-92BA3F9483A7}.Release|iPhoneSimulator.Build.0 = Release|Any CPU
		{D8FCBDFF-ABA2-4340-930D-92BA3F9483A7}.Release|x64.ActiveCfg = Release|Any CPU
		{D8FCBDFF-ABA2-4340-930D-92BA3F9483A7}.Release|x64.Build.0 = Release|Any CPU
		{D8FCBDFF-ABA2-4340-930D-92BA3F9483A7}.Release|x86.ActiveCfg = Release|Any CPU
		{D8FCBDFF-ABA2-4340-930D-92BA3F9483A7}.Release|x86.Build.0 = Release|Any CPU
		{0EC0AF5D-A723-480D-8544-F2864557EEA7}.Ad-Hoc|Any CPU.ActiveCfg = Release|Any CPU
		{0EC0AF5D-A723-480D-8544-F2864557EEA7}.Ad-Hoc|Any CPU.Build.0 = Release|Any CPU
		{0EC0AF5D-A723-480D-8544-F2864557EEA7}.Ad-Hoc|ARM.ActiveCfg = Release|Any CPU
		{0EC0AF5D-A723-480D-8544-F2864557EEA7}.Ad-Hoc|ARM.Build.0 = Release|Any CPU
		{0EC0AF5D-A723-480D-8544-F2864557EEA7}.Ad-Hoc|iPhone.ActiveCfg = Release|Any CPU
		{0EC0AF5D-A723-480D-8544-F2864557EEA7}.Ad-Hoc|iPhone.Build.0 = Release|Any CPU
		{0EC0AF5D-A723-480D-8544-F2864557EEA7}.Ad-Hoc|iPhoneSimulator.ActiveCfg = Release|Any CPU
		{0EC0AF5D-A723-480D-8544-F2864557EEA7}.Ad-Hoc|iPhoneSimulator.Build.0 = Release|Any CPU
		{0EC0AF5D-A723-480D-8544-F2864557EEA7}.Ad-Hoc|x64.ActiveCfg = Release|Any CPU
		{0EC0AF5D-A723-480D-8544-F2864557EEA7}.Ad-Hoc|x64.Build.0 = Release|Any CPU
		{0EC0AF5D-A723-480D-8544-F2864557EEA7}.Ad-Hoc|x86.ActiveCfg = Release|Any CPU
		{0EC0AF5D-A723-480D-8544-F2864557EEA7}.Ad-Hoc|x86.Build.0 = Release|Any CPU
		{0EC0AF5D-A723-480D-8544-F2864557EEA7}.AppStore|Any CPU.ActiveCfg = Release|Any CPU
		{0EC0AF5D-A723-480D-8544-F2864557EEA7}.AppStore|Any CPU.Build.0 = Release|Any CPU
		{0EC0AF5D-A723-480D-8544-F2864557EEA7}.AppStore|ARM.ActiveCfg = Release|Any CPU
		{0EC0AF5D-A723-480D-8544-F2864557EEA7}.AppStore|ARM.Build.0 = Release|Any CPU
		{0EC0AF5D-A723-480D-8544-F2864557EEA7}.AppStore|iPhone.ActiveCfg = Release|Any CPU
		{0EC0AF5D-A723-480D-8544-F2864557EEA7}.AppStore|iPhone.Build.0 = Release|Any CPU
		{0EC0AF5D-A723-480D-8544-F2864557EEA7}.AppStore|iPhoneSimulator.ActiveCfg = Release|Any CPU
		{0EC0AF5D-A723-480D-8544-F2864557EEA7}.AppStore|iPhoneSimulator.Build.0 = Release|Any CPU
		{0EC0AF5D-A723-480D-8544-F2864557EEA7}.AppStore|x64.ActiveCfg = Release|Any CPU
		{0EC0AF5D-A723-480D-8544-F2864557EEA7}.AppStore|x64.Build.0 = Release|Any CPU
		{0EC0AF5D-A723-480D-8544-F2864557EEA7}.AppStore|x86.ActiveCfg = Release|Any CPU
		{0EC0AF5D-A723-480D-8544-F2864557EEA7}.AppStore|x86.Build.0 = Release|Any CPU
		{0EC0AF5D-A723-480D-8544-F2864557EEA7}.Debug|Any CPU.ActiveCfg = Debug|Any CPU
		{0EC0AF5D-A723-480D-8544-F2864557EEA7}.Debug|Any CPU.Build.0 = Debug|Any CPU
		{0EC0AF5D-A723-480D-8544-F2864557EEA7}.Debug|ARM.ActiveCfg = Debug|Any CPU
		{0EC0AF5D-A723-480D-8544-F2864557EEA7}.Debug|ARM.Build.0 = Debug|Any CPU
		{0EC0AF5D-A723-480D-8544-F2864557EEA7}.Debug|iPhone.ActiveCfg = Debug|Any CPU
		{0EC0AF5D-A723-480D-8544-F2864557EEA7}.Debug|iPhone.Build.0 = Debug|Any CPU
		{0EC0AF5D-A723-480D-8544-F2864557EEA7}.Debug|iPhoneSimulator.ActiveCfg = Debug|Any CPU
		{0EC0AF5D-A723-480D-8544-F2864557EEA7}.Debug|iPhoneSimulator.Build.0 = Debug|Any CPU
		{0EC0AF5D-A723-480D-8544-F2864557EEA7}.Debug|x64.ActiveCfg = Debug|Any CPU
		{0EC0AF5D-A723-480D-8544-F2864557EEA7}.Debug|x64.Build.0 = Debug|Any CPU
		{0EC0AF5D-A723-480D-8544-F2864557EEA7}.Debug|x86.ActiveCfg = Debug|Any CPU
		{0EC0AF5D-A723-480D-8544-F2864557EEA7}.Release|Any CPU.ActiveCfg = Release|Any CPU
		{0EC0AF5D-A723-480D-8544-F2864557EEA7}.Release|Any CPU.Build.0 = Release|Any CPU
		{0EC0AF5D-A723-480D-8544-F2864557EEA7}.Release|ARM.ActiveCfg = Release|Any CPU
		{0EC0AF5D-A723-480D-8544-F2864557EEA7}.Release|ARM.Build.0 = Release|Any CPU
		{0EC0AF5D-A723-480D-8544-F2864557EEA7}.Release|iPhone.ActiveCfg = Release|Any CPU
		{0EC0AF5D-A723-480D-8544-F2864557EEA7}.Release|iPhone.Build.0 = Release|Any CPU
		{0EC0AF5D-A723-480D-8544-F2864557EEA7}.Release|iPhoneSimulator.ActiveCfg = Release|Any CPU
		{0EC0AF5D-A723-480D-8544-F2864557EEA7}.Release|iPhoneSimulator.Build.0 = Release|Any CPU
		{0EC0AF5D-A723-480D-8544-F2864557EEA7}.Release|x64.ActiveCfg = Release|Any CPU
		{0EC0AF5D-A723-480D-8544-F2864557EEA7}.Release|x64.Build.0 = Release|Any CPU
		{0EC0AF5D-A723-480D-8544-F2864557EEA7}.Release|x86.ActiveCfg = Release|Any CPU
		{0EC0AF5D-A723-480D-8544-F2864557EEA7}.Release|x86.Build.0 = Release|Any CPU
		{B22DE888-87F2-47F8-92F5-46049062DE76}.Ad-Hoc|Any CPU.ActiveCfg = Release|x64
		{B22DE888-87F2-47F8-92F5-46049062DE76}.Ad-Hoc|Any CPU.Build.0 = Release|x64
		{B22DE888-87F2-47F8-92F5-46049062DE76}.Ad-Hoc|ARM.ActiveCfg = Release|x64
		{B22DE888-87F2-47F8-92F5-46049062DE76}.Ad-Hoc|ARM.Build.0 = Release|x64
		{B22DE888-87F2-47F8-92F5-46049062DE76}.Ad-Hoc|iPhone.ActiveCfg = Release|x64
		{B22DE888-87F2-47F8-92F5-46049062DE76}.Ad-Hoc|iPhone.Build.0 = Release|x64
		{B22DE888-87F2-47F8-92F5-46049062DE76}.Ad-Hoc|iPhoneSimulator.ActiveCfg = Release|x64
		{B22DE888-87F2-47F8-92F5-46049062DE76}.Ad-Hoc|iPhoneSimulator.Build.0 = Release|x64
		{B22DE888-87F2-47F8-92F5-46049062DE76}.Ad-Hoc|x64.ActiveCfg = Release|x64
		{B22DE888-87F2-47F8-92F5-46049062DE76}.Ad-Hoc|x64.Build.0 = Release|x64
		{B22DE888-87F2-47F8-92F5-46049062DE76}.Ad-Hoc|x86.ActiveCfg = Release|Win32
		{B22DE888-87F2-47F8-92F5-46049062DE76}.Ad-Hoc|x86.Build.0 = Release|Win32
		{B22DE888-87F2-47F8-92F5-46049062DE76}.AppStore|Any CPU.ActiveCfg = Release|x64
		{B22DE888-87F2-47F8-92F5-46049062DE76}.AppStore|Any CPU.Build.0 = Release|x64
		{B22DE888-87F2-47F8-92F5-46049062DE76}.AppStore|ARM.ActiveCfg = Release|x64
		{B22DE888-87F2-47F8-92F5-46049062DE76}.AppStore|ARM.Build.0 = Release|x64
		{B22DE888-87F2-47F8-92F5-46049062DE76}.AppStore|iPhone.ActiveCfg = Release|x64
		{B22DE888-87F2-47F8-92F5-46049062DE76}.AppStore|iPhone.Build.0 = Release|x64
		{B22DE888-87F2-47F8-92F5-46049062DE76}.AppStore|iPhoneSimulator.ActiveCfg = Release|x64
		{B22DE888-87F2-47F8-92F5-46049062DE76}.AppStore|iPhoneSimulator.Build.0 = Release|x64
		{B22DE888-87F2-47F8-92F5-46049062DE76}.AppStore|x64.ActiveCfg = Release|x64
		{B22DE888-87F2-47F8-92F5-46049062DE76}.AppStore|x64.Build.0 = Release|x64
		{B22DE888-87F2-47F8-92F5-46049062DE76}.AppStore|x86.ActiveCfg = Release|Win32
		{B22DE888-87F2-47F8-92F5-46049062DE76}.AppStore|x86.Build.0 = Release|Win32
		{B22DE888-87F2-47F8-92F5-46049062DE76}.Debug|Any CPU.ActiveCfg = Debug|Win32
		{B22DE888-87F2-47F8-92F5-46049062DE76}.Debug|Any CPU.Build.0 = Debug|Win32
		{B22DE888-87F2-47F8-92F5-46049062DE76}.Debug|ARM.ActiveCfg = Debug|Win32
		{B22DE888-87F2-47F8-92F5-46049062DE76}.Debug|iPhone.ActiveCfg = Debug|Win32
		{B22DE888-87F2-47F8-92F5-46049062DE76}.Debug|iPhoneSimulator.ActiveCfg = Debug|Win32
		{B22DE888-87F2-47F8-92F5-46049062DE76}.Debug|x64.ActiveCfg = Debug|x64
		{B22DE888-87F2-47F8-92F5-46049062DE76}.Debug|x64.Build.0 = Debug|x64
		{B22DE888-87F2-47F8-92F5-46049062DE76}.Debug|x86.ActiveCfg = Debug|Win32
		{B22DE888-87F2-47F8-92F5-46049062DE76}.Debug|x86.Build.0 = Debug|Win32
		{B22DE888-87F2-47F8-92F5-46049062DE76}.Release|Any CPU.ActiveCfg = Release|Win32
		{B22DE888-87F2-47F8-92F5-46049062DE76}.Release|ARM.ActiveCfg = Release|Win32
		{B22DE888-87F2-47F8-92F5-46049062DE76}.Release|iPhone.ActiveCfg = Release|Win32
		{B22DE888-87F2-47F8-92F5-46049062DE76}.Release|iPhoneSimulator.ActiveCfg = Release|Win32
		{B22DE888-87F2-47F8-92F5-46049062DE76}.Release|x64.ActiveCfg = Release|x64
		{B22DE888-87F2-47F8-92F5-46049062DE76}.Release|x64.Build.0 = Release|x64
		{B22DE888-87F2-47F8-92F5-46049062DE76}.Release|x86.ActiveCfg = Release|Win32
		{B22DE888-87F2-47F8-92F5-46049062DE76}.Release|x86.Build.0 = Release|Win32
		{0B94B700-D2FD-460A-BAB4-766888112727}.Ad-Hoc|Any CPU.ActiveCfg = Release|x64
		{0B94B700-D2FD-460A-BAB4-766888112727}.Ad-Hoc|Any CPU.Build.0 = Release|x64
		{0B94B700-D2FD-460A-BAB4-766888112727}.Ad-Hoc|ARM.ActiveCfg = Release|x64
		{0B94B700-D2FD-460A-BAB4-766888112727}.Ad-Hoc|ARM.Build.0 = Release|x64
		{0B94B700-D2FD-460A-BAB4-766888112727}.Ad-Hoc|iPhone.ActiveCfg = Release|x64
		{0B94B700-D2FD-460A-BAB4-766888112727}.Ad-Hoc|iPhone.Build.0 = Release|x64
		{0B94B700-D2FD-460A-BAB4-766888112727}.Ad-Hoc|iPhoneSimulator.ActiveCfg = Release|x64
		{0B94B700-D2FD-460A-BAB4-766888112727}.Ad-Hoc|iPhoneSimulator.Build.0 = Release|x64
		{0B94B700-D2FD-460A-BAB4-766888112727}.Ad-Hoc|x64.ActiveCfg = Release|x64
		{0B94B700-D2FD-460A-BAB4-766888112727}.Ad-Hoc|x64.Build.0 = Release|x64
		{0B94B700-D2FD-460A-BAB4-766888112727}.Ad-Hoc|x86.ActiveCfg = Release|Win32
		{0B94B700-D2FD-460A-BAB4-766888112727}.Ad-Hoc|x86.Build.0 = Release|Win32
		{0B94B700-D2FD-460A-BAB4-766888112727}.AppStore|Any CPU.ActiveCfg = Release|x64
		{0B94B700-D2FD-460A-BAB4-766888112727}.AppStore|Any CPU.Build.0 = Release|x64
		{0B94B700-D2FD-460A-BAB4-766888112727}.AppStore|ARM.ActiveCfg = Release|x64
		{0B94B700-D2FD-460A-BAB4-766888112727}.AppStore|ARM.Build.0 = Release|x64
		{0B94B700-D2FD-460A-BAB4-766888112727}.AppStore|iPhone.ActiveCfg = Release|x64
		{0B94B700-D2FD-460A-BAB4-766888112727}.AppStore|iPhone.Build.0 = Release|x64
		{0B94B700-D2FD-460A-BAB4-766888112727}.AppStore|iPhoneSimulator.ActiveCfg = Release|x64
		{0B94B700-D2FD-460A-BAB4-766888112727}.AppStore|iPhoneSimulator.Build.0 = Release|x64
		{0B94B700-D2FD-460A-BAB4-766888112727}.AppStore|x64.ActiveCfg = Release|x64
		{0B94B700-D2FD-460A-BAB4-766888112727}.AppStore|x64.Build.0 = Release|x64
		{0B94B700-D2FD-460A-BAB4-766888112727}.AppStore|x86.ActiveCfg = Release|Win32
		{0B94B700-D2FD-460A-BAB4-766888112727}.AppStore|x86.Build.0 = Release|Win32
		{0B94B700-D2FD-460A-BAB4-766888112727}.Debug|Any CPU.ActiveCfg = Debug|Win32
		{0B94B700-D2FD-460A-BAB4-766888112727}.Debug|Any CPU.Build.0 = Debug|Win32
		{0B94B700-D2FD-460A-BAB4-766888112727}.Debug|ARM.ActiveCfg = Debug|Win32
		{0B94B700-D2FD-460A-BAB4-766888112727}.Debug|iPhone.ActiveCfg = Debug|Win32
		{0B94B700-D2FD-460A-BAB4-766888112727}.Debug|iPhoneSimulator.ActiveCfg = Debug|Win32
		{0B94B700-D2FD-460A-BAB4-766888112727}.Debug|x64.ActiveCfg = Debug|x64
		{0B94B700-D2FD-460A-BAB4-766888112727}.Debug|x64.Build.0 = Debug|x64
		{0B94B700-D2FD-460A-BAB4-766888112727}.Debug|x86.ActiveCfg = Debug|Win32
		{0B94B700-D2FD-460A-BAB4-766888112727}.Debug|x86.Build.0 = Debug|Win32
		{0B94B700-D2FD-460A-BAB4-766888112727}.Release|Any CPU.ActiveCfg = Release|Win32
		{0B94B700-D2FD-460A-BAB4-766888112727}.Release|ARM.ActiveCfg = Release|Win32
		{0B94B700-D2FD-460A-BAB4-766888112727}.Release|iPhone.ActiveCfg = Release|Win32
		{0B94B700-D2FD-460A-BAB4-766888112727}.Release|iPhoneSimulator.ActiveCfg = Release|Win32
		{0B94B700-D2FD-460A-BAB4-766888112727}.Release|x64.ActiveCfg = Release|x64
		{0B94B700-D2FD-460A-BAB4-766888112727}.Release|x64.Build.0 = Release|x64
		{0B94B700-D2FD-460A-BAB4-766888112727}.Release|x86.ActiveCfg = Release|Win32
		{0B94B700-D2FD-460A-BAB4-766888112727}.Release|x86.Build.0 = Release|Win32
		{16D18C70-1AE6-48A6-8F2C-5EDC76DE073A}.Ad-Hoc|Any CPU.ActiveCfg = Release|x64
		{16D18C70-1AE6-48A6-8F2C-5EDC76DE073A}.Ad-Hoc|Any CPU.Build.0 = Release|x64
		{16D18C70-1AE6-48A6-8F2C-5EDC76DE073A}.Ad-Hoc|ARM.ActiveCfg = Release|x64
		{16D18C70-1AE6-48A6-8F2C-5EDC76DE073A}.Ad-Hoc|ARM.Build.0 = Release|x64
		{16D18C70-1AE6-48A6-8F2C-5EDC76DE073A}.Ad-Hoc|iPhone.ActiveCfg = Release|x64
		{16D18C70-1AE6-48A6-8F2C-5EDC76DE073A}.Ad-Hoc|iPhone.Build.0 = Release|x64
		{16D18C70-1AE6-48A6-8F2C-5EDC76DE073A}.Ad-Hoc|iPhoneSimulator.ActiveCfg = Release|x64
		{16D18C70-1AE6-48A6-8F2C-5EDC76DE073A}.Ad-Hoc|iPhoneSimulator.Build.0 = Release|x64
		{16D18C70-1AE6-48A6-8F2C-5EDC76DE073A}.Ad-Hoc|x64.ActiveCfg = Release|x64
		{16D18C70-1AE6-48A6-8F2C-5EDC76DE073A}.Ad-Hoc|x64.Build.0 = Release|x64
		{16D18C70-1AE6-48A6-8F2C-5EDC76DE073A}.Ad-Hoc|x86.ActiveCfg = Release|Win32
		{16D18C70-1AE6-48A6-8F2C-5EDC76DE073A}.Ad-Hoc|x86.Build.0 = Release|Win32
		{16D18C70-1AE6-48A6-8F2C-5EDC76DE073A}.AppStore|Any CPU.ActiveCfg = Release|x64
		{16D18C70-1AE6-48A6-8F2C-5EDC76DE073A}.AppStore|Any CPU.Build.0 = Release|x64
		{16D18C70-1AE6-48A6-8F2C-5EDC76DE073A}.AppStore|ARM.ActiveCfg = Release|x64
		{16D18C70-1AE6-48A6-8F2C-5EDC76DE073A}.AppStore|ARM.Build.0 = Release|x64
		{16D18C70-1AE6-48A6-8F2C-5EDC76DE073A}.AppStore|iPhone.ActiveCfg = Release|x64
		{16D18C70-1AE6-48A6-8F2C-5EDC76DE073A}.AppStore|iPhone.Build.0 = Release|x64
		{16D18C70-1AE6-48A6-8F2C-5EDC76DE073A}.AppStore|iPhoneSimulator.ActiveCfg = Release|x64
		{16D18C70-1AE6-48A6-8F2C-5EDC76DE073A}.AppStore|iPhoneSimulator.Build.0 = Release|x64
		{16D18C70-1AE6-48A6-8F2C-5EDC76DE073A}.AppStore|x64.ActiveCfg = Release|x64
		{16D18C70-1AE6-48A6-8F2C-5EDC76DE073A}.AppStore|x64.Build.0 = Release|x64
		{16D18C70-1AE6-48A6-8F2C-5EDC76DE073A}.AppStore|x86.ActiveCfg = Release|Win32
		{16D18C70-1AE6-48A6-8F2C-5EDC76DE073A}.AppStore|x86.Build.0 = Release|Win32
		{16D18C70-1AE6-48A6-8F2C-5EDC76DE073A}.Debug|Any CPU.ActiveCfg = Debug|Win32
		{16D18C70-1AE6-48A6-8F2C-5EDC76DE073A}.Debug|ARM.ActiveCfg = Debug|Win32
		{16D18C70-1AE6-48A6-8F2C-5EDC76DE073A}.Debug|iPhone.ActiveCfg = Debug|Win32
		{16D18C70-1AE6-48A6-8F2C-5EDC76DE073A}.Debug|iPhoneSimulator.ActiveCfg = Debug|Win32
		{16D18C70-1AE6-48A6-8F2C-5EDC76DE073A}.Debug|x64.ActiveCfg = Debug|x64
		{16D18C70-1AE6-48A6-8F2C-5EDC76DE073A}.Debug|x64.Build.0 = Debug|x64
		{16D18C70-1AE6-48A6-8F2C-5EDC76DE073A}.Debug|x86.ActiveCfg = Debug|Win32
		{16D18C70-1AE6-48A6-8F2C-5EDC76DE073A}.Release|Any CPU.ActiveCfg = Release|Win32
		{16D18C70-1AE6-48A6-8F2C-5EDC76DE073A}.Release|ARM.ActiveCfg = Release|Win32
		{16D18C70-1AE6-48A6-8F2C-5EDC76DE073A}.Release|iPhone.ActiveCfg = Release|Win32
		{16D18C70-1AE6-48A6-8F2C-5EDC76DE073A}.Release|iPhoneSimulator.ActiveCfg = Release|Win32
		{16D18C70-1AE6-48A6-8F2C-5EDC76DE073A}.Release|x64.ActiveCfg = Release|x64
		{16D18C70-1AE6-48A6-8F2C-5EDC76DE073A}.Release|x64.Build.0 = Release|x64
		{16D18C70-1AE6-48A6-8F2C-5EDC76DE073A}.Release|x86.ActiveCfg = Release|Win32
		{16D18C70-1AE6-48A6-8F2C-5EDC76DE073A}.Release|x86.Build.0 = Release|Win32
		{053D99A6-2832-4A63-8F5A-B37CB81C0759}.Ad-Hoc|Any CPU.ActiveCfg = Release|x64
		{053D99A6-2832-4A63-8F5A-B37CB81C0759}.Ad-Hoc|Any CPU.Build.0 = Release|x64
		{053D99A6-2832-4A63-8F5A-B37CB81C0759}.Ad-Hoc|ARM.ActiveCfg = Release|x64
		{053D99A6-2832-4A63-8F5A-B37CB81C0759}.Ad-Hoc|ARM.Build.0 = Release|x64
		{053D99A6-2832-4A63-8F5A-B37CB81C0759}.Ad-Hoc|iPhone.ActiveCfg = Release|x64
		{053D99A6-2832-4A63-8F5A-B37CB81C0759}.Ad-Hoc|iPhone.Build.0 = Release|x64
		{053D99A6-2832-4A63-8F5A-B37CB81C0759}.Ad-Hoc|iPhoneSimulator.ActiveCfg = Release|x64
		{053D99A6-2832-4A63-8F5A-B37CB81C0759}.Ad-Hoc|iPhoneSimulator.Build.0 = Release|x64
		{053D99A6-2832-4A63-8F5A-B37CB81C0759}.Ad-Hoc|x64.ActiveCfg = Release|x64
		{053D99A6-2832-4A63-8F5A-B37CB81C0759}.Ad-Hoc|x64.Build.0 = Release|x64
		{053D99A6-2832-4A63-8F5A-B37CB81C0759}.Ad-Hoc|x86.ActiveCfg = Release|Win32
		{053D99A6-2832-4A63-8F5A-B37CB81C0759}.Ad-Hoc|x86.Build.0 = Release|Win32
		{053D99A6-2832-4A63-8F5A-B37CB81C0759}.AppStore|Any CPU.ActiveCfg = Release|x64
		{053D99A6-2832-4A63-8F5A-B37CB81C0759}.AppStore|Any CPU.Build.0 = Release|x64
		{053D99A6-2832-4A63-8F5A-B37CB81C0759}.AppStore|ARM.ActiveCfg = Release|x64
		{053D99A6-2832-4A63-8F5A-B37CB81C0759}.AppStore|ARM.Build.0 = Release|x64
		{053D99A6-2832-4A63-8F5A-B37CB81C0759}.AppStore|iPhone.ActiveCfg = Release|x64
		{053D99A6-2832-4A63-8F5A-B37CB81C0759}.AppStore|iPhone.Build.0 = Release|x64
		{053D99A6-2832-4A63-8F5A-B37CB81C0759}.AppStore|iPhoneSimulator.ActiveCfg = Release|x64
		{053D99A6-2832-4A63-8F5A-B37CB81C0759}.AppStore|iPhoneSimulator.Build.0 = Release|x64
		{053D99A6-2832-4A63-8F5A-B37CB81C0759}.AppStore|x64.ActiveCfg = Release|x64
		{053D99A6-2832-4A63-8F5A-B37CB81C0759}.AppStore|x64.Build.0 = Release|x64
		{053D99A6-2832-4A63-8F5A-B37CB81C0759}.AppStore|x86.ActiveCfg = Release|Win32
		{053D99A6-2832-4A63-8F5A-B37CB81C0759}.AppStore|x86.Build.0 = Release|Win32
		{053D99A6-2832-4A63-8F5A-B37CB81C0759}.Debug|Any CPU.ActiveCfg = Debug|Win32
		{053D99A6-2832-4A63-8F5A-B37CB81C0759}.Debug|ARM.ActiveCfg = Debug|Win32
		{053D99A6-2832-4A63-8F5A-B37CB81C0759}.Debug|iPhone.ActiveCfg = Debug|Win32
		{053D99A6-2832-4A63-8F5A-B37CB81C0759}.Debug|iPhoneSimulator.ActiveCfg = Debug|Win32
		{053D99A6-2832-4A63-8F5A-B37CB81C0759}.Debug|x64.ActiveCfg = Debug|x64
		{053D99A6-2832-4A63-8F5A-B37CB81C0759}.Debug|x64.Build.0 = Debug|x64
		{053D99A6-2832-4A63-8F5A-B37CB81C0759}.Debug|x86.ActiveCfg = Debug|Win32
		{053D99A6-2832-4A63-8F5A-B37CB81C0759}.Debug|x86.Build.0 = Debug|Win32
		{053D99A6-2832-4A63-8F5A-B37CB81C0759}.Release|Any CPU.ActiveCfg = Release|Win32
		{053D99A6-2832-4A63-8F5A-B37CB81C0759}.Release|ARM.ActiveCfg = Release|Win32
		{053D99A6-2832-4A63-8F5A-B37CB81C0759}.Release|iPhone.ActiveCfg = Release|Win32
		{053D99A6-2832-4A63-8F5A-B37CB81C0759}.Release|iPhoneSimulator.ActiveCfg = Release|Win32
		{053D99A6-2832-4A63-8F5A-B37CB81C0759}.Release|x64.ActiveCfg = Release|x64
		{053D99A6-2832-4A63-8F5A-B37CB81C0759}.Release|x64.Build.0 = Release|x64
		{053D99A6-2832-4A63-8F5A-B37CB81C0759}.Release|x86.ActiveCfg = Release|Win32
		{053D99A6-2832-4A63-8F5A-B37CB81C0759}.Release|x86.Build.0 = Release|Win32
		{8033FD0B-9208-406C-A924-27C927316E1F}.Ad-Hoc|Any CPU.ActiveCfg = Debug|Any CPU
		{8033FD0B-9208-406C-A924-27C927316E1F}.Ad-Hoc|Any CPU.Build.0 = Debug|Any CPU
		{8033FD0B-9208-406C-A924-27C927316E1F}.Ad-Hoc|ARM.ActiveCfg = Debug|Any CPU
		{8033FD0B-9208-406C-A924-27C927316E1F}.Ad-Hoc|ARM.Build.0 = Debug|Any CPU
		{8033FD0B-9208-406C-A924-27C927316E1F}.Ad-Hoc|iPhone.ActiveCfg = Debug|Any CPU
		{8033FD0B-9208-406C-A924-27C927316E1F}.Ad-Hoc|iPhone.Build.0 = Debug|Any CPU
		{8033FD0B-9208-406C-A924-27C927316E1F}.Ad-Hoc|iPhoneSimulator.ActiveCfg = Debug|Any CPU
		{8033FD0B-9208-406C-A924-27C927316E1F}.Ad-Hoc|iPhoneSimulator.Build.0 = Debug|Any CPU
		{8033FD0B-9208-406C-A924-27C927316E1F}.Ad-Hoc|x64.ActiveCfg = Release|x64
		{8033FD0B-9208-406C-A924-27C927316E1F}.Ad-Hoc|x64.Build.0 = Release|x64
		{8033FD0B-9208-406C-A924-27C927316E1F}.Ad-Hoc|x86.ActiveCfg = Release|x86
		{8033FD0B-9208-406C-A924-27C927316E1F}.Ad-Hoc|x86.Build.0 = Release|x86
		{8033FD0B-9208-406C-A924-27C927316E1F}.AppStore|Any CPU.ActiveCfg = Debug|Any CPU
		{8033FD0B-9208-406C-A924-27C927316E1F}.AppStore|Any CPU.Build.0 = Debug|Any CPU
		{8033FD0B-9208-406C-A924-27C927316E1F}.AppStore|ARM.ActiveCfg = Debug|Any CPU
		{8033FD0B-9208-406C-A924-27C927316E1F}.AppStore|ARM.Build.0 = Debug|Any CPU
		{8033FD0B-9208-406C-A924-27C927316E1F}.AppStore|iPhone.ActiveCfg = Debug|Any CPU
		{8033FD0B-9208-406C-A924-27C927316E1F}.AppStore|iPhone.Build.0 = Debug|Any CPU
		{8033FD0B-9208-406C-A924-27C927316E1F}.AppStore|iPhoneSimulator.ActiveCfg = Debug|Any CPU
		{8033FD0B-9208-406C-A924-27C927316E1F}.AppStore|iPhoneSimulator.Build.0 = Debug|Any CPU
		{8033FD0B-9208-406C-A924-27C927316E1F}.AppStore|x64.ActiveCfg = Release|x64
		{8033FD0B-9208-406C-A924-27C927316E1F}.AppStore|x64.Build.0 = Release|x64
		{8033FD0B-9208-406C-A924-27C927316E1F}.AppStore|x86.ActiveCfg = Release|x86
		{8033FD0B-9208-406C-A924-27C927316E1F}.AppStore|x86.Build.0 = Release|x86
		{8033FD0B-9208-406C-A924-27C927316E1F}.Debug|Any CPU.ActiveCfg = Debug|Any CPU
		{8033FD0B-9208-406C-A924-27C927316E1F}.Debug|Any CPU.Build.0 = Debug|Any CPU
		{8033FD0B-9208-406C-A924-27C927316E1F}.Debug|ARM.ActiveCfg = Debug|Any CPU
		{8033FD0B-9208-406C-A924-27C927316E1F}.Debug|ARM.Build.0 = Debug|Any CPU
		{8033FD0B-9208-406C-A924-27C927316E1F}.Debug|iPhone.ActiveCfg = Debug|Any CPU
		{8033FD0B-9208-406C-A924-27C927316E1F}.Debug|iPhone.Build.0 = Debug|Any CPU
		{8033FD0B-9208-406C-A924-27C927316E1F}.Debug|iPhoneSimulator.ActiveCfg = Debug|Any CPU
		{8033FD0B-9208-406C-A924-27C927316E1F}.Debug|iPhoneSimulator.Build.0 = Debug|Any CPU
		{8033FD0B-9208-406C-A924-27C927316E1F}.Debug|x64.ActiveCfg = Debug|x64
		{8033FD0B-9208-406C-A924-27C927316E1F}.Debug|x64.Build.0 = Debug|x64
		{8033FD0B-9208-406C-A924-27C927316E1F}.Debug|x86.ActiveCfg = Debug|x86
		{8033FD0B-9208-406C-A924-27C927316E1F}.Debug|x86.Build.0 = Debug|x86
		{8033FD0B-9208-406C-A924-27C927316E1F}.Release|Any CPU.ActiveCfg = Release|Any CPU
		{8033FD0B-9208-406C-A924-27C927316E1F}.Release|Any CPU.Build.0 = Release|Any CPU
		{8033FD0B-9208-406C-A924-27C927316E1F}.Release|ARM.ActiveCfg = Release|Any CPU
		{8033FD0B-9208-406C-A924-27C927316E1F}.Release|ARM.Build.0 = Release|Any CPU
		{8033FD0B-9208-406C-A924-27C927316E1F}.Release|iPhone.ActiveCfg = Release|Any CPU
		{8033FD0B-9208-406C-A924-27C927316E1F}.Release|iPhone.Build.0 = Release|Any CPU
		{8033FD0B-9208-406C-A924-27C927316E1F}.Release|iPhoneSimulator.ActiveCfg = Release|Any CPU
		{8033FD0B-9208-406C-A924-27C927316E1F}.Release|iPhoneSimulator.Build.0 = Release|Any CPU
		{8033FD0B-9208-406C-A924-27C927316E1F}.Release|x64.ActiveCfg = Release|x64
		{8033FD0B-9208-406C-A924-27C927316E1F}.Release|x64.Build.0 = Release|x64
		{8033FD0B-9208-406C-A924-27C927316E1F}.Release|x86.ActiveCfg = Release|x86
		{8033FD0B-9208-406C-A924-27C927316E1F}.Release|x86.Build.0 = Release|x86
		{A9899B0F-340A-4525-A629-D1ABD3F97432}.Ad-Hoc|Any CPU.ActiveCfg = Debug|Any CPU
		{A9899B0F-340A-4525-A629-D1ABD3F97432}.Ad-Hoc|Any CPU.Build.0 = Debug|Any CPU
		{A9899B0F-340A-4525-A629-D1ABD3F97432}.Ad-Hoc|ARM.ActiveCfg = Debug|Any CPU
		{A9899B0F-340A-4525-A629-D1ABD3F97432}.Ad-Hoc|ARM.Build.0 = Debug|Any CPU
		{A9899B0F-340A-4525-A629-D1ABD3F97432}.Ad-Hoc|iPhone.ActiveCfg = Debug|Any CPU
		{A9899B0F-340A-4525-A629-D1ABD3F97432}.Ad-Hoc|iPhone.Build.0 = Debug|Any CPU
		{A9899B0F-340A-4525-A629-D1ABD3F97432}.Ad-Hoc|iPhoneSimulator.ActiveCfg = Debug|Any CPU
		{A9899B0F-340A-4525-A629-D1ABD3F97432}.Ad-Hoc|iPhoneSimulator.Build.0 = Debug|Any CPU
		{A9899B0F-340A-4525-A629-D1ABD3F97432}.Ad-Hoc|x64.ActiveCfg = Release|x64
		{A9899B0F-340A-4525-A629-D1ABD3F97432}.Ad-Hoc|x64.Build.0 = Release|x64
		{A9899B0F-340A-4525-A629-D1ABD3F97432}.Ad-Hoc|x86.ActiveCfg = Release|x86
		{A9899B0F-340A-4525-A629-D1ABD3F97432}.Ad-Hoc|x86.Build.0 = Release|x86
		{A9899B0F-340A-4525-A629-D1ABD3F97432}.AppStore|Any CPU.ActiveCfg = Debug|Any CPU
		{A9899B0F-340A-4525-A629-D1ABD3F97432}.AppStore|Any CPU.Build.0 = Debug|Any CPU
		{A9899B0F-340A-4525-A629-D1ABD3F97432}.AppStore|ARM.ActiveCfg = Debug|Any CPU
		{A9899B0F-340A-4525-A629-D1ABD3F97432}.AppStore|ARM.Build.0 = Debug|Any CPU
		{A9899B0F-340A-4525-A629-D1ABD3F97432}.AppStore|iPhone.ActiveCfg = Debug|Any CPU
		{A9899B0F-340A-4525-A629-D1ABD3F97432}.AppStore|iPhone.Build.0 = Debug|Any CPU
		{A9899B0F-340A-4525-A629-D1ABD3F97432}.AppStore|iPhoneSimulator.ActiveCfg = Debug|Any CPU
		{A9899B0F-340A-4525-A629-D1ABD3F97432}.AppStore|iPhoneSimulator.Build.0 = Debug|Any CPU
		{A9899B0F-340A-4525-A629-D1ABD3F97432}.AppStore|x64.ActiveCfg = Release|x64
		{A9899B0F-340A-4525-A629-D1ABD3F97432}.AppStore|x64.Build.0 = Release|x64
		{A9899B0F-340A-4525-A629-D1ABD3F97432}.AppStore|x86.ActiveCfg = Release|x86
		{A9899B0F-340A-4525-A629-D1ABD3F97432}.AppStore|x86.Build.0 = Release|x86
		{A9899B0F-340A-4525-A629-D1ABD3F97432}.Debug|Any CPU.ActiveCfg = Debug|Any CPU
		{A9899B0F-340A-4525-A629-D1ABD3F97432}.Debug|Any CPU.Build.0 = Debug|Any CPU
		{A9899B0F-340A-4525-A629-D1ABD3F97432}.Debug|ARM.ActiveCfg = Debug|Any CPU
		{A9899B0F-340A-4525-A629-D1ABD3F97432}.Debug|ARM.Build.0 = Debug|Any CPU
		{A9899B0F-340A-4525-A629-D1ABD3F97432}.Debug|iPhone.ActiveCfg = Debug|Any CPU
		{A9899B0F-340A-4525-A629-D1ABD3F97432}.Debug|iPhone.Build.0 = Debug|Any CPU
		{A9899B0F-340A-4525-A629-D1ABD3F97432}.Debug|iPhoneSimulator.ActiveCfg = Debug|Any CPU
		{A9899B0F-340A-4525-A629-D1ABD3F97432}.Debug|iPhoneSimulator.Build.0 = Debug|Any CPU
		{A9899B0F-340A-4525-A629-D1ABD3F97432}.Debug|x64.ActiveCfg = Debug|x64
		{A9899B0F-340A-4525-A629-D1ABD3F97432}.Debug|x64.Build.0 = Debug|x64
		{A9899B0F-340A-4525-A629-D1ABD3F97432}.Debug|x86.ActiveCfg = Debug|x86
		{A9899B0F-340A-4525-A629-D1ABD3F97432}.Debug|x86.Build.0 = Debug|x86
		{A9899B0F-340A-4525-A629-D1ABD3F97432}.Release|Any CPU.ActiveCfg = Release|Any CPU
		{A9899B0F-340A-4525-A629-D1ABD3F97432}.Release|Any CPU.Build.0 = Release|Any CPU
		{A9899B0F-340A-4525-A629-D1ABD3F97432}.Release|ARM.ActiveCfg = Release|Any CPU
		{A9899B0F-340A-4525-A629-D1ABD3F97432}.Release|ARM.Build.0 = Release|Any CPU
		{A9899B0F-340A-4525-A629-D1ABD3F97432}.Release|iPhone.ActiveCfg = Release|Any CPU
		{A9899B0F-340A-4525-A629-D1ABD3F97432}.Release|iPhone.Build.0 = Release|Any CPU
		{A9899B0F-340A-4525-A629-D1ABD3F97432}.Release|iPhoneSimulator.ActiveCfg = Release|Any CPU
		{A9899B0F-340A-4525-A629-D1ABD3F97432}.Release|iPhoneSimulator.Build.0 = Release|Any CPU
		{A9899B0F-340A-4525-A629-D1ABD3F97432}.Release|x64.ActiveCfg = Release|x64
		{A9899B0F-340A-4525-A629-D1ABD3F97432}.Release|x64.Build.0 = Release|x64
		{A9899B0F-340A-4525-A629-D1ABD3F97432}.Release|x86.ActiveCfg = Release|x86
		{A9899B0F-340A-4525-A629-D1ABD3F97432}.Release|x86.Build.0 = Release|x86
		{B22E9D46-FBF7-4A09-98A2-098B160A2C5A}.Ad-Hoc|Any CPU.ActiveCfg = Release|Any CPU
		{B22E9D46-FBF7-4A09-98A2-098B160A2C5A}.Ad-Hoc|Any CPU.Build.0 = Release|Any CPU
		{B22E9D46-FBF7-4A09-98A2-098B160A2C5A}.Ad-Hoc|ARM.ActiveCfg = Release|Any CPU
		{B22E9D46-FBF7-4A09-98A2-098B160A2C5A}.Ad-Hoc|ARM.Build.0 = Release|Any CPU
		{B22E9D46-FBF7-4A09-98A2-098B160A2C5A}.Ad-Hoc|iPhone.ActiveCfg = Release|Any CPU
		{B22E9D46-FBF7-4A09-98A2-098B160A2C5A}.Ad-Hoc|iPhone.Build.0 = Release|Any CPU
		{B22E9D46-FBF7-4A09-98A2-098B160A2C5A}.Ad-Hoc|iPhoneSimulator.ActiveCfg = Release|Any CPU
		{B22E9D46-FBF7-4A09-98A2-098B160A2C5A}.Ad-Hoc|iPhoneSimulator.Build.0 = Release|Any CPU
		{B22E9D46-FBF7-4A09-98A2-098B160A2C5A}.Ad-Hoc|x64.ActiveCfg = Release|Any CPU
		{B22E9D46-FBF7-4A09-98A2-098B160A2C5A}.Ad-Hoc|x64.Build.0 = Release|Any CPU
		{B22E9D46-FBF7-4A09-98A2-098B160A2C5A}.Ad-Hoc|x86.ActiveCfg = Release|Any CPU
		{B22E9D46-FBF7-4A09-98A2-098B160A2C5A}.Ad-Hoc|x86.Build.0 = Release|Any CPU
		{B22E9D46-FBF7-4A09-98A2-098B160A2C5A}.AppStore|Any CPU.ActiveCfg = Release|Any CPU
		{B22E9D46-FBF7-4A09-98A2-098B160A2C5A}.AppStore|Any CPU.Build.0 = Release|Any CPU
		{B22E9D46-FBF7-4A09-98A2-098B160A2C5A}.AppStore|ARM.ActiveCfg = Release|Any CPU
		{B22E9D46-FBF7-4A09-98A2-098B160A2C5A}.AppStore|ARM.Build.0 = Release|Any CPU
		{B22E9D46-FBF7-4A09-98A2-098B160A2C5A}.AppStore|iPhone.ActiveCfg = Release|Any CPU
		{B22E9D46-FBF7-4A09-98A2-098B160A2C5A}.AppStore|iPhone.Build.0 = Release|Any CPU
		{B22E9D46-FBF7-4A09-98A2-098B160A2C5A}.AppStore|iPhoneSimulator.ActiveCfg = Release|Any CPU
		{B22E9D46-FBF7-4A09-98A2-098B160A2C5A}.AppStore|iPhoneSimulator.Build.0 = Release|Any CPU
		{B22E9D46-FBF7-4A09-98A2-098B160A2C5A}.AppStore|x64.ActiveCfg = Release|Any CPU
		{B22E9D46-FBF7-4A09-98A2-098B160A2C5A}.AppStore|x64.Build.0 = Release|Any CPU
		{B22E9D46-FBF7-4A09-98A2-098B160A2C5A}.AppStore|x86.ActiveCfg = Release|Any CPU
		{B22E9D46-FBF7-4A09-98A2-098B160A2C5A}.AppStore|x86.Build.0 = Release|Any CPU
		{B22E9D46-FBF7-4A09-98A2-098B160A2C5A}.Debug|Any CPU.ActiveCfg = Debug|Any CPU
		{B22E9D46-FBF7-4A09-98A2-098B160A2C5A}.Debug|Any CPU.Build.0 = Debug|Any CPU
		{B22E9D46-FBF7-4A09-98A2-098B160A2C5A}.Debug|ARM.ActiveCfg = Debug|Any CPU
		{B22E9D46-FBF7-4A09-98A2-098B160A2C5A}.Debug|ARM.Build.0 = Debug|Any CPU
		{B22E9D46-FBF7-4A09-98A2-098B160A2C5A}.Debug|iPhone.ActiveCfg = Debug|Any CPU
		{B22E9D46-FBF7-4A09-98A2-098B160A2C5A}.Debug|iPhone.Build.0 = Debug|Any CPU
		{B22E9D46-FBF7-4A09-98A2-098B160A2C5A}.Debug|iPhoneSimulator.ActiveCfg = Debug|Any CPU
		{B22E9D46-FBF7-4A09-98A2-098B160A2C5A}.Debug|iPhoneSimulator.Build.0 = Debug|Any CPU
		{B22E9D46-FBF7-4A09-98A2-098B160A2C5A}.Debug|x64.ActiveCfg = Debug|Any CPU
		{B22E9D46-FBF7-4A09-98A2-098B160A2C5A}.Debug|x64.Build.0 = Debug|Any CPU
		{B22E9D46-FBF7-4A09-98A2-098B160A2C5A}.Debug|x86.ActiveCfg = Debug|Any CPU
		{B22E9D46-FBF7-4A09-98A2-098B160A2C5A}.Debug|x86.Build.0 = Debug|Any CPU
		{B22E9D46-FBF7-4A09-98A2-098B160A2C5A}.Release|Any CPU.ActiveCfg = Release|Any CPU
		{B22E9D46-FBF7-4A09-98A2-098B160A2C5A}.Release|Any CPU.Build.0 = Release|Any CPU
		{B22E9D46-FBF7-4A09-98A2-098B160A2C5A}.Release|ARM.ActiveCfg = Release|Any CPU
		{B22E9D46-FBF7-4A09-98A2-098B160A2C5A}.Release|ARM.Build.0 = Release|Any CPU
		{B22E9D46-FBF7-4A09-98A2-098B160A2C5A}.Release|iPhone.ActiveCfg = Release|Any CPU
		{B22E9D46-FBF7-4A09-98A2-098B160A2C5A}.Release|iPhone.Build.0 = Release|Any CPU
		{B22E9D46-FBF7-4A09-98A2-098B160A2C5A}.Release|iPhoneSimulator.ActiveCfg = Release|Any CPU
		{B22E9D46-FBF7-4A09-98A2-098B160A2C5A}.Release|iPhoneSimulator.Build.0 = Release|Any CPU
		{B22E9D46-FBF7-4A09-98A2-098B160A2C5A}.Release|x64.ActiveCfg = Release|Any CPU
		{B22E9D46-FBF7-4A09-98A2-098B160A2C5A}.Release|x64.Build.0 = Release|Any CPU
		{B22E9D46-FBF7-4A09-98A2-098B160A2C5A}.Release|x86.ActiveCfg = Release|Any CPU
		{B22E9D46-FBF7-4A09-98A2-098B160A2C5A}.Release|x86.Build.0 = Release|Any CPU
	EndGlobalSection
	GlobalSection(SolutionProperties) = preSolution
		HideSolutionNode = FALSE
	EndGlobalSection
EndGlobal
