
Microsoft Visual Studio Solution File, Format Version 12.00
# Visual Studio 14
VisualStudioVersion = 14.0.25420.1
MinimumVisualStudioVersion = 10.0.40219.1
Project("{8BC9CEB8-8B4A-11D0-8D11-00A0C91BC942}") = "MassiveAttack.Client.Engine", "MassiveAttack.Client.Engine\MassiveAttack.Client.Engine.vcxproj", "{B22DE888-87F2-47F8-92F5-46049062DE76}"
EndProject
Project("{8BC9CEB8-8B4A-11D0-8D11-00A0C91BC942}") = "MassiveAttack.Client", "MassiveAttack.Client\MassiveAttack.Client.vcxproj", "{0B94B700-D2FD-460A-BAB4-766888112727}"
EndProject
Project("{8BC9CEB8-8B4A-11D0-8D11-00A0C91BC942}") = "MassiveAttack.GameServer", "MassiveAttack.GameServer\MassiveAttack.GameServer.vcxproj", "{053D99A6-2832-4A63-8F5A-B37CB81C0759}"
EndProject
Project("{9092AA53-FB77-4645-B42D-1CCCA6BD08BD}") = "MassiveAttack.MasterServer.NodeJS", "MassiveAttack.MasterServer.NodeJS\MassiveAttack.MasterServer.NodeJS.njsproj", "{B22E9D46-FBF7-4A09-98A2-098B160A2C5A}"
EndProject
Global
	GlobalSection(SolutionConfigurationPlatforms) = preSolution
		Ad-Hoc|Any CPU = Ad-Hoc|Any CPU
		Ad-Hoc|ARM = Ad-Hoc|ARM
		Ad-Hoc|iPhone = Ad-Hoc|iPhone
		Ad-Hoc|iPhoneSimulator = Ad-Hoc|iPhoneSimulator
		Ad-Hoc|x64 = Ad-Hoc|x64
		Ad-Hoc|x86 = Ad-Hoc|x86
		AppStore|Any CPU = AppStore|Any CPU
		AppStore|ARM = AppStore|ARM
		AppStore|iPhone = AppStore|iPhone
		AppStore|iPhoneSimulator = AppStore|iPhoneSimulator
		AppStore|x64 = AppStore|x64
		AppStore|x86 = AppStore|x86
		Debug|Any CPU = Debug|Any CPU
		Debug|ARM = Debug|ARM
		Debug|iPhone = Debug|iPhone
		Debug|iPhoneSimulator = Debug|iPhoneSimulator
		Debug|x64 = Debug|x64
		Debug|x86 = Debug|x86
		Release|Any CPU = Release|Any CPU
		Release|ARM = Release|ARM
		Release|iPhone = Release|iPhone
		Release|iPhoneSimulator = Release|iPhoneSimulator
		Release|x64 = Release|x64
		Release|x86 = Release|x86
	EndGlobalSection
	GlobalSection(ProjectConfigurationPlatforms) = postSolution
		{B22DE888-87F2-47F8-92F5-46049062DE76}.Ad-Hoc|Any CPU.ActiveCfg = Release|x64
		{B22DE888-87F2-47F8-92F5-46049062DE76}.Ad-Hoc|Any CPU.Build.0 = Release|x64
		{B22DE888-87F2-47F8-92F5-46049062DE76}.Ad-Hoc|ARM.ActiveCfg = Release|x64
		{B22DE888-87F2-47F8-92F5-46049062DE76}.Ad-Hoc|ARM.Build.0 = Release|x64
		{B22DE888-87F2-47F8-92F5-46049062DE76}.Ad-Hoc|iPhone.ActiveCfg = Release|x64
		{B22DE888-87F2-47F8-92F5-46049062DE76}.Ad-Hoc|iPhone.Build.0 = Release|x64
		{B22DE888-87F2-47F8-92F5-46049062DE76}.Ad-Hoc|iPhoneSimulator.ActiveCfg = Release|x64
		{B22DE888-87F2-47F8-92F5-46049062DE76}.Ad-Hoc|iPhoneSimulator.Build.0 = Release|x64
		{B22DE888-87F2-47F8-92F5-46049062DE76}.Ad-Hoc|x64.ActiveCfg = Release|x64
		{B22DE888-87F2-47F8-92F5-46049062DE76}.Ad-Hoc|x64.Build.0 = Release|x64
		{B22DE888-87F2-47F8-92F5-46049062DE76}.Ad-Hoc|x86.ActiveCfg = Release|Win32
		{B22DE888-87F2-47F8-92F5-46049062DE76}.Ad-Hoc|x86.Build.0 = Release|Win32
		{B22DE888-87F2-47F8-92F5-46049062DE76}.AppStore|Any CPU.ActiveCfg = Release|x64
		{B22DE888-87F2-47F8-92F5-46049062DE76}.AppStore|Any CPU.Build.0 = Release|x64
		{B22DE888-87F2-47F8-92F5-46049062DE76}.AppStore|ARM.ActiveCfg = Release|x64
		{B22DE888-87F2-47F8-92F5-46049062DE76}.AppStore|ARM.Build.0 = Release|x64
		{B22DE888-87F2-47F8-92F5-46049062DE76}.AppStore|iPhone.ActiveCfg = Release|x64
		{B22DE888-87F2-47F8-92F5-46049062DE76}.AppStore|iPhone.Build.0 = Release|x64
		{B22DE888-87F2-47F8-92F5-46049062DE76}.AppStore|iPhoneSimulator.ActiveCfg = Release|x64
		{B22DE888-87F2-47F8-92F5-46049062DE76}.AppStore|iPhoneSimulator.Build.0 = Release|x64
		{B22DE888-87F2-47F8-92F5-46049062DE76}.AppStore|x64.ActiveCfg = Release|x64
		{B22DE888-87F2-47F8-92F5-46049062DE76}.AppStore|x64.Build.0 = Release|x64
		{B22DE888-87F2-47F8-92F5-46049062DE76}.AppStore|x86.ActiveCfg = Release|Win32
		{B22DE888-87F2-47F8-92F5-46049062DE76}.AppStore|x86.Build.0 = Release|Win32
		{B22DE888-87F2-47F8-92F5-46049062DE76}.Debug|Any CPU.ActiveCfg = Debug|Win32
		{B22DE888-87F2-47F8-92F5-46049062DE76}.Debug|Any CPU.Build.0 = Debug|Win32
		{B22DE888-87F2-47F8-92F5-46049062DE76}.Debug|ARM.ActiveCfg = Debug|Win32
		{B22DE888-87F2-47F8-92F5-46049062DE76}.Debug|iPhone.ActiveCfg = Debug|Win32
		{B22DE888-87F2-47F8-92F5-46049062DE76}.Debug|iPhoneSimulator.ActiveCfg = Debug|Win32
		{B22DE888-87F2-47F8-92F5-46049062DE76}.Debug|x64.ActiveCfg = Debug|x64
		{B22DE888-87F2-47F8-92F5-46049062DE76}.Debug|x64.Build.0 = Debug|x64
		{B22DE888-87F2-47F8-92F5-46049062DE76}.Debug|x86.ActiveCfg = Debug|Win32
		{B22DE888-87F2-47F8-92F5-46049062DE76}.Debug|x86.Build.0 = Debug|Win32
		{B22DE888-87F2-47F8-92F5-46049062DE76}.Release|Any CPU.ActiveCfg = Release|Win32
		{B22DE888-87F2-47F8-92F5-46049062DE76}.Release|ARM.ActiveCfg = Release|Win32
		{B22DE888-87F2-47F8-92F5-46049062DE76}.Release|iPhone.ActiveCfg = Release|Win32
		{B22DE888-87F2-47F8-92F5-46049062DE76}.Release|iPhoneSimulator.ActiveCfg = Release|Win32
		{B22DE888-87F2-47F8-92F5-46049062DE76}.Release|x64.ActiveCfg = Release|x64
		{B22DE888-87F2-47F8-92F5-46049062DE76}.Release|x64.Build.0 = Release|x64
		{B22DE888-87F2-47F8-92F5-46049062DE76}.Release|x86.ActiveCfg = Release|Win32
		{B22DE888-87F2-47F8-92F5-46049062DE76}.Release|x86.Build.0 = Release|Win32
		{0B94B700-D2FD-460A-BAB4-766888112727}.Ad-Hoc|Any CPU.ActiveCfg = Release|x64
		{0B94B700-D2FD-460A-BAB4-766888112727}.Ad-Hoc|Any CPU.Build.0 = Release|x64
		{0B94B700-D2FD-460A-BAB4-766888112727}.Ad-Hoc|ARM.ActiveCfg = Release|x64
		{0B94B700-D2FD-460A-BAB4-766888112727}.Ad-Hoc|ARM.Build.0 = Release|x64
		{0B94B700-D2FD-460A-BAB4-766888112727}.Ad-Hoc|iPhone.ActiveCfg = Release|x64
		{0B94B700-D2FD-460A-BAB4-766888112727}.Ad-Hoc|iPhone.Build.0 = Release|x64
		{0B94B700-D2FD-460A-BAB4-766888112727}.Ad-Hoc|iPhoneSimulator.ActiveCfg = Release|x64
		{0B94B700-D2FD-460A-BAB4-766888112727}.Ad-Hoc|iPhoneSimulator.Build.0 = Release|x64
		{0B94B700-D2FD-460A-BAB4-766888112727}.Ad-Hoc|x64.ActiveCfg = Release|x64
		{0B94B700-D2FD-460A-BAB4-766888112727}.Ad-Hoc|x64.Build.0 = Release|x64
		{0B94B700-D2FD-460A-BAB4-766888112727}.Ad-Hoc|x86.ActiveCfg = Release|Win32
		{0B94B700-D2FD-460A-BAB4-766888112727}.Ad-Hoc|x86.Build.0 = Release|Win32
		{0B94B700-D2FD-460A-BAB4-766888112727}.AppStore|Any CPU.ActiveCfg = Release|x64
		{0B94B700-D2FD-460A-BAB4-766888112727}.AppStore|Any CPU.Build.0 = Release|x64
		{0B94B700-D2FD-460A-BAB4-766888112727}.AppStore|ARM.ActiveCfg = Release|x64
		{0B94B700-D2FD-460A-BAB4-766888112727}.AppStore|ARM.Build.0 = Release|x64
		{0B94B700-D2FD-460A-BAB4-766888112727}.AppStore|iPhone.ActiveCfg = Release|x64
		{0B94B700-D2FD-460A-BAB4-766888112727}.AppStore|iPhone.Build.0 = Release|x64
		{0B94B700-D2FD-460A-BAB4-766888112727}.AppStore|iPhoneSimulator.ActiveCfg = Release|x64
		{0B94B700-D2FD-460A-BAB4-766888112727}.AppStore|iPhoneSimulator.Build.0 = Release|x64
		{0B94B700-D2FD-460A-BAB4-766888112727}.AppStore|x64.ActiveCfg = Release|x64
		{0B94B700-D2FD-460A-BAB4-766888112727}.AppStore|x64.Build.0 = Release|x64
		{0B94B700-D2FD-460A-BAB4-766888112727}.AppStore|x86.ActiveCfg = Release|Win32
		{0B94B700-D2FD-460A-BAB4-766888112727}.AppStore|x86.Build.0 = Release|Win32
		{0B94B700-D2FD-460A-BAB4-766888112727}.Debug|Any CPU.ActiveCfg = Debug|Win32
		{0B94B700-D2FD-460A-BAB4-766888112727}.Debug|Any CPU.Build.0 = Debug|Win32
		{0B94B700-D2FD-460A-BAB4-766888112727}.Debug|ARM.ActiveCfg = Debug|Win32
		{0B94B700-D2FD-460A-BAB4-766888112727}.Debug|iPhone.ActiveCfg = Debug|Win32
		{0B94B700-D2FD-460A-BAB4-766888112727}.Debug|iPhoneSimulator.ActiveCfg = Debug|Win32
		{0B94B700-D2FD-460A-BAB4-766888112727}.Debug|x64.ActiveCfg = Debug|x64
		{0B94B700-D2FD-460A-BAB4-766888112727}.Debug|x64.Build.0 = Debug|x64
		{0B94B700-D2FD-460A-BAB4-766888112727}.Debug|x86.ActiveCfg = Debug|Win32
		{0B94B700-D2FD-460A-BAB4-766888112727}.Debug|x86.Build.0 = Debug|Win32
		{0B94B700-D2FD-460A-BAB4-766888112727}.Release|Any CPU.ActiveCfg = Release|Win32
		{0B94B700-D2FD-460A-BAB4-766888112727}.Release|ARM.ActiveCfg = Release|Win32
		{0B94B700-D2FD-460A-BAB4-766888112727}.Release|iPhone.ActiveCfg = Release|Win32
		{0B94B700-D2FD-460A-BAB4-766888112727}.Release|iPhoneSimulator.ActiveCfg = Release|Win32
		{0B94B700-D2FD-460A-BAB4-766888112727}.Release|x64.ActiveCfg = Release|x64
		{0B94B700-D2FD-460A-BAB4-766888112727}.Release|x64.Build.0 = Release|x64
		{0B94B700-D2FD-460A-BAB4-766888112727}.Release|x86.ActiveCfg = Release|Win32
		{0B94B700-D2FD-460A-BAB4-766888112727}.Release|x86.Build.0 = Release|Win32
		{053D99A6-2832-4A63-8F5A-B37CB81C0759}.Ad-Hoc|Any CPU.ActiveCfg = Release|x64
		{053D99A6-2832-4A63-8F5A-B37CB81C0759}.Ad-Hoc|Any CPU.Build.0 = Release|x64
		{053D99A6-2832-4A63-8F5A-B37CB81C0759}.Ad-Hoc|ARM.ActiveCfg = Release|x64
		{053D99A6-2832-4A63-8F5A-B37CB81C0759}.Ad-Hoc|ARM.Build.0 = Release|x64
		{053D99A6-2832-4A63-8F5A-B37CB81C0759}.Ad-Hoc|iPhone.ActiveCfg = Release|x64
		{053D99A6-2832-4A63-8F5A-B37CB81C0759}.Ad-Hoc|iPhone.Build.0 = Release|x64
		{053D99A6-2832-4A63-8F5A-B37CB81C0759}.Ad-Hoc|iPhoneSimulator.ActiveCfg = Release|x64
		{053D99A6-2832-4A63-8F5A-B37CB81C0759}.Ad-Hoc|iPhoneSimulator.Build.0 = Release|x64
		{053D99A6-2832-4A63-8F5A-B37CB81C0759}.Ad-Hoc|x64.ActiveCfg = Release|x64
		{053D99A6-2832-4A63-8F5A-B37CB81C0759}.Ad-Hoc|x64.Build.0 = Release|x64
		{053D99A6-2832-4A63-8F5A-B37CB81C0759}.Ad-Hoc|x86.ActiveCfg = Release|Win32
		{053D99A6-2832-4A63-8F5A-B37CB81C0759}.Ad-Hoc|x86.Build.0 = Release|Win32
		{053D99A6-2832-4A63-8F5A-B37CB81C0759}.AppStore|Any CPU.ActiveCfg = Release|x64
		{053D99A6-2832-4A63-8F5A-B37CB81C0759}.AppStore|Any CPU.Build.0 = Release|x64
		{053D99A6-2832-4A63-8F5A-B37CB81C0759}.AppStore|ARM.ActiveCfg = Release|x64
		{053D99A6-2832-4A63-8F5A-B37CB81C0759}.AppStore|ARM.Build.0 = Release|x64
		{053D99A6-2832-4A63-8F5A-B37CB81C0759}.AppStore|iPhone.ActiveCfg = Release|x64
		{053D99A6-2832-4A63-8F5A-B37CB81C0759}.AppStore|iPhone.Build.0 = Release|x64
		{053D99A6-2832-4A63-8F5A-B37CB81C0759}.AppStore|iPhoneSimulator.ActiveCfg = Release|x64
		{053D99A6-2832-4A63-8F5A-B37CB81C0759}.AppStore|iPhoneSimulator.Build.0 = Release|x64
		{053D99A6-2832-4A63-8F5A-B37CB81C0759}.AppStore|x64.ActiveCfg = Release|x64
		{053D99A6-2832-4A63-8F5A-B37CB81C0759}.AppStore|x64.Build.0 = Release|x64
		{053D99A6-2832-4A63-8F5A-B37CB81C0759}.AppStore|x86.ActiveCfg = Release|Win32
		{053D99A6-2832-4A63-8F5A-B37CB81C0759}.AppStore|x86.Build.0 = Release|Win32
		{053D99A6-2832-4A63-8F5A-B37CB81C0759}.Debug|Any CPU.ActiveCfg = Debug|Win32
		{053D99A6-2832-4A63-8F5A-B37CB81C0759}.Debug|ARM.ActiveCfg = Debug|Win32
		{053D99A6-2832-4A63-8F5A-B37CB81C0759}.Debug|iPhone.ActiveCfg = Debug|Win32
		{053D99A6-2832-4A63-8F5A-B37CB81C0759}.Debug|iPhoneSimulator.ActiveCfg = Debug|Win32
		{053D99A6-2832-4A63-8F5A-B37CB81C0759}.Debug|x64.ActiveCfg = Debug|x64
		{053D99A6-2832-4A63-8F5A-B37CB81C0759}.Debug|x64.Build.0 = Debug|x64
		{053D99A6-2832-4A63-8F5A-B37CB81C0759}.Debug|x86.ActiveCfg = Debug|Win32
		{053D99A6-2832-4A63-8F5A-B37CB81C0759}.Release|Any CPU.ActiveCfg = Release|Win32
		{053D99A6-2832-4A63-8F5A-B37CB81C0759}.Release|ARM.ActiveCfg = Release|Win32
		{053D99A6-2832-4A63-8F5A-B37CB81C0759}.Release|iPhone.ActiveCfg = Release|Win32
		{053D99A6-2832-4A63-8F5A-B37CB81C0759}.Release|iPhoneSimulator.ActiveCfg = Release|Win32
		{053D99A6-2832-4A63-8F5A-B37CB81C0759}.Release|x64.ActiveCfg = Release|x64
		{053D99A6-2832-4A63-8F5A-B37CB81C0759}.Release|x64.Build.0 = Release|x64
		{053D99A6-2832-4A63-8F5A-B37CB81C0759}.Release|x86.ActiveCfg = Release|Win32
		{053D99A6-2832-4A63-8F5A-B37CB81C0759}.Release|x86.Build.0 = Release|Win32
		{B22E9D46-FBF7-4A09-98A2-098B160A2C5A}.Ad-Hoc|Any CPU.ActiveCfg = Release|Any CPU
		{B22E9D46-FBF7-4A09-98A2-098B160A2C5A}.Ad-Hoc|Any CPU.Build.0 = Release|Any CPU
		{B22E9D46-FBF7-4A09-98A2-098B160A2C5A}.Ad-Hoc|ARM.ActiveCfg = Release|Any CPU
		{B22E9D46-FBF7-4A09-98A2-098B160A2C5A}.Ad-Hoc|ARM.Build.0 = Release|Any CPU
		{B22E9D46-FBF7-4A09-98A2-098B160A2C5A}.Ad-Hoc|iPhone.ActiveCfg = Release|Any CPU
		{B22E9D46-FBF7-4A09-98A2-098B160A2C5A}.Ad-Hoc|iPhone.Build.0 = Release|Any CPU
		{B22E9D46-FBF7-4A09-98A2-098B160A2C5A}.Ad-Hoc|iPhoneSimulator.ActiveCfg = Release|Any CPU
		{B22E9D46-FBF7-4A09-98A2-098B160A2C5A}.Ad-Hoc|iPhoneSimulator.Build.0 = Release|Any CPU
		{B22E9D46-FBF7-4A09-98A2-098B160A2C5A}.Ad-Hoc|x64.ActiveCfg = Release|Any CPU
		{B22E9D46-FBF7-4A09-98A2-098B160A2C5A}.Ad-Hoc|x64.Build.0 = Release|Any CPU
		{B22E9D46-FBF7-4A09-98A2-098B160A2C5A}.Ad-Hoc|x86.ActiveCfg = Release|Any CPU
		{B22E9D46-FBF7-4A09-98A2-098B160A2C5A}.Ad-Hoc|x86.Build.0 = Release|Any CPU
		{B22E9D46-FBF7-4A09-98A2-098B160A2C5A}.AppStore|Any CPU.ActiveCfg = Release|Any CPU
		{B22E9D46-FBF7-4A09-98A2-098B160A2C5A}.AppStore|Any CPU.Build.0 = Release|Any CPU
		{B22E9D46-FBF7-4A09-98A2-098B160A2C5A}.AppStore|ARM.ActiveCfg = Release|Any CPU
		{B22E9D46-FBF7-4A09-98A2-098B160A2C5A}.AppStore|ARM.Build.0 = Release|Any CPU
		{B22E9D46-FBF7-4A09-98A2-098B160A2C5A}.AppStore|iPhone.ActiveCfg = Release|Any CPU
		{B22E9D46-FBF7-4A09-98A2-098B160A2C5A}.AppStore|iPhone.Build.0 = Release|Any CPU
		{B22E9D46-FBF7-4A09-98A2-098B160A2C5A}.AppStore|iPhoneSimulator.ActiveCfg = Release|Any CPU
		{B22E9D46-FBF7-4A09-98A2-098B160A2C5A}.AppStore|iPhoneSimulator.Build.0 = Release|Any CPU
		{B22E9D46-FBF7-4A09-98A2-098B160A2C5A}.AppStore|x64.ActiveCfg = Release|Any CPU
		{B22E9D46-FBF7-4A09-98A2-098B160A2C5A}.AppStore|x64.Build.0 = Release|Any CPU
		{B22E9D46-FBF7-4A09-98A2-098B160A2C5A}.AppStore|x86.ActiveCfg = Release|Any CPU
		{B22E9D46-FBF7-4A09-98A2-098B160A2C5A}.AppStore|x86.Build.0 = Release|Any CPU
		{B22E9D46-FBF7-4A09-98A2-098B160A2C5A}.Debug|Any CPU.ActiveCfg = Debug|Any CPU
		{B22E9D46-FBF7-4A09-98A2-098B160A2C5A}.Debug|Any CPU.Build.0 = Debug|Any CPU
		{B22E9D46-FBF7-4A09-98A2-098B160A2C5A}.Debug|ARM.ActiveCfg = Debug|Any CPU
		{B22E9D46-FBF7-4A09-98A2-098B160A2C5A}.Debug|ARM.Build.0 = Debug|Any CPU
		{B22E9D46-FBF7-4A09-98A2-098B160A2C5A}.Debug|iPhone.ActiveCfg = Debug|Any CPU
		{B22E9D46-FBF7-4A09-98A2-098B160A2C5A}.Debug|iPhone.Build.0 = Debug|Any CPU
		{B22E9D46-FBF7-4A09-98A2-098B160A2C5A}.Debug|iPhoneSimulator.ActiveCfg = Debug|Any CPU
		{B22E9D46-FBF7-4A09-98A2-098B160A2C5A}.Debug|iPhoneSimulator.Build.0 = Debug|Any CPU
		{B22E9D46-FBF7-4A09-98A2-098B160A2C5A}.Debug|x64.ActiveCfg = Debug|Any CPU
		{B22E9D46-FBF7-4A09-98A2-098B160A2C5A}.Debug|x64.Build.0 = Debug|Any CPU
		{B22E9D46-FBF7-4A09-98A2-098B160A2C5A}.Debug|x86.ActiveCfg = Debug|Any CPU
		{B22E9D46-FBF7-4A09-98A2-098B160A2C5A}.Release|Any CPU.ActiveCfg = Release|Any CPU
		{B22E9D46-FBF7-4A09-98A2-098B160A2C5A}.Release|Any CPU.Build.0 = Release|Any CPU
		{B22E9D46-FBF7-4A09-98A2-098B160A2C5A}.Release|ARM.ActiveCfg = Release|Any CPU
		{B22E9D46-FBF7-4A09-98A2-098B160A2C5A}.Release|ARM.Build.0 = Release|Any CPU
		{B22E9D46-FBF7-4A09-98A2-098B160A2C5A}.Release|iPhone.ActiveCfg = Release|Any CPU
		{B22E9D46-FBF7-4A09-98A2-098B160A2C5A}.Release|iPhone.Build.0 = Release|Any CPU
		{B22E9D46-FBF7-4A09-98A2-098B160A2C5A}.Release|iPhoneSimulator.ActiveCfg = Release|Any CPU
		{B22E9D46-FBF7-4A09-98A2-098B160A2C5A}.Release|iPhoneSimulator.Build.0 = Release|Any CPU
		{B22E9D46-FBF7-4A09-98A2-098B160A2C5A}.Release|x64.ActiveCfg = Release|Any CPU
		{B22E9D46-FBF7-4A09-98A2-098B160A2C5A}.Release|x64.Build.0 = Release|Any CPU
		{B22E9D46-FBF7-4A09-98A2-098B160A2C5A}.Release|x86.ActiveCfg = Release|Any CPU
		{B22E9D46-FBF7-4A09-98A2-098B160A2C5A}.Release|x86.Build.0 = Release|Any CPU
	EndGlobalSection
	GlobalSection(SolutionProperties) = preSolution
		HideSolutionNode = FALSE
	EndGlobalSection
EndGlobal
